// !$*UTF8*$!
{
	archiveVersion = 1;
	classes = {
	};
	objectVersion = 50;
	objects = {

/* Begin PBXBuildFile section */
		130D71CC255AD7260025C589 /* Form781.swift in Sources */ = {isa = PBXBuildFile; fileRef = 7F680C3D25475E9200625ECC /* Form781.swift */; };
		130D71D0255AD7270025C589 /* Form781.swift in Sources */ = {isa = PBXBuildFile; fileRef = 7F680C3D25475E9200625ECC /* Form781.swift */; };
		130D71D4255AD72B0025C589 /* Flight.swift in Sources */ = {isa = PBXBuildFile; fileRef = 7F680C4725475F0100625ECC /* Flight.swift */; };
		130D71D8255AD72C0025C589 /* Flight.swift in Sources */ = {isa = PBXBuildFile; fileRef = 7F680C4725475F0100625ECC /* Flight.swift */; };
		130D71DC255AD7450025C589 /* StyleGuide.swift in Sources */ = {isa = PBXBuildFile; fileRef = 7F7E0DDA25310ED80041C4E9 /* StyleGuide.swift */; };
		130D71E0255AD7460025C589 /* StyleGuide.swift in Sources */ = {isa = PBXBuildFile; fileRef = 7F7E0DDA25310ED80041C4E9 /* StyleGuide.swift */; };
		130D71E4255AD74B0025C589 /* PBLView.swift in Sources */ = {isa = PBXBuildFile; fileRef = 7F7E0E3C2538B4560041C4E9 /* PBLView.swift */; };
		130D71E8255AD74D0025C589 /* PBLView.swift in Sources */ = {isa = PBXBuildFile; fileRef = 7F7E0E3C2538B4560041C4E9 /* PBLView.swift */; };
		130D71EC255AD7560025C589 /* PBLTextField.swift in Sources */ = {isa = PBXBuildFile; fileRef = 7F7E0E412538BCCC0041C4E9 /* PBLTextField.swift */; };
		130D71F0255AD7570025C589 /* PBLTextField.swift in Sources */ = {isa = PBXBuildFile; fileRef = 7F7E0E412538BCCC0041C4E9 /* PBLTextField.swift */; };
		130D71F4255AD75B0025C589 /* PBLButton.swift in Sources */ = {isa = PBXBuildFile; fileRef = 7F7E0DDF253110330041C4E9 /* PBLButton.swift */; };
		130D71F8255AD75B0025C589 /* PBLButton.swift in Sources */ = {isa = PBXBuildFile; fileRef = 7F7E0DDF253110330041C4E9 /* PBLButton.swift */; };
		130D71FC255AD7960025C589 /* LaunchScreen.storyboard in Resources */ = {isa = PBXBuildFile; fileRef = 83D8408724D3402D00F336E3 /* LaunchScreen.storyboard */; };
		130D7200255AD7970025C589 /* LaunchScreen.storyboard in Resources */ = {isa = PBXBuildFile; fileRef = 83D8408724D3402D00F336E3 /* LaunchScreen.storyboard */; };
		130D7204255AD7A00025C589 /* Form781.storyboard in Resources */ = {isa = PBXBuildFile; fileRef = 83D8408224D3402A00F336E3 /* Form781.storyboard */; };
		130D7208255AD7A10025C589 /* Form781.storyboard in Resources */ = {isa = PBXBuildFile; fileRef = 83D8408224D3402A00F336E3 /* Form781.storyboard */; };
		130D7209255AD7C70025C589 /* AppDelegate.swift in Sources */ = {isa = PBXBuildFile; fileRef = 83D8407A24D3402A00F336E3 /* AppDelegate.swift */; };
		130D720D255AD7C80025C589 /* AppDelegate.swift in Sources */ = {isa = PBXBuildFile; fileRef = 83D8407A24D3402A00F336E3 /* AppDelegate.swift */; };
		130D7211255AD7D00025C589 /* SceneDelegate.swift in Sources */ = {isa = PBXBuildFile; fileRef = 83D8407C24D3402A00F336E3 /* SceneDelegate.swift */; };
		130D7215255AD7D10025C589 /* SceneDelegate.swift in Sources */ = {isa = PBXBuildFile; fileRef = 83D8407C24D3402A00F336E3 /* SceneDelegate.swift */; };
		130D7219255AD7DA0025C589 /* afto781.pdf in Resources */ = {isa = PBXBuildFile; fileRef = 131239A22518EFCF00F3B636 /* afto781.pdf */; };
		130D721D255AD7DB0025C589 /* afto781.pdf in Resources */ = {isa = PBXBuildFile; fileRef = 131239A22518EFCF00F3B636 /* afto781.pdf */; };
		131239A32518EFCF00F3B636 /* afto781.pdf in Resources */ = {isa = PBXBuildFile; fileRef = 131239A22518EFCF00F3B636 /* afto781.pdf */; };
		131239A82518F98100F3B636 /* afto781.jpg in Resources */ = {isa = PBXBuildFile; fileRef = 131239A72518F98000F3B636 /* afto781.jpg */; };
		138809FE25683876005B93FF /* (null) in Sources */ = {isa = PBXBuildFile; };
		13C38BF4256858C300E8D919 /* Form781Error.swift in Sources */ = {isa = PBXBuildFile; fileRef = 13C38BF3256858C300E8D919 /* Form781Error.swift */; };
		13F08EA125221F7D00CDAEE4 /* header.png in Resources */ = {isa = PBXBuildFile; fileRef = 13F08EA025221F7D00CDAEE4 /* header.png */; };
		13F08EAE252222A800CDAEE4 /* separator line.jpg in Resources */ = {isa = PBXBuildFile; fileRef = 13F08EAD252222A800CDAEE4 /* separator line.jpg */; };
		4DBFB356256C61FF0017C9B8 /* Form781Error.swift in Sources */ = {isa = PBXBuildFile; fileRef = 13C38BF3256858C300E8D919 /* Form781Error.swift */; };
		4DBFB35A256C62000017C9B8 /* Form781Error.swift in Sources */ = {isa = PBXBuildFile; fileRef = 13C38BF3256858C300E8D919 /* Form781Error.swift */; };
		7C3790BDC466879F81B1B28B /* Pods_Logging.framework in Frameworks */ = {isa = PBXBuildFile; fileRef = 2E2B17BC9BB310463EA2A32E /* Pods_Logging.framework */; };
		7F0086E82540AC6800564A52 /* SideMenuTableViewController.swift in Sources */ = {isa = PBXBuildFile; fileRef = 7F0086E72540AC6800564A52 /* SideMenuTableViewController.swift */; };
		7F0086E92540AC6800564A52 /* SideMenuTableViewController.swift in Sources */ = {isa = PBXBuildFile; fileRef = 7F0086E72540AC6800564A52 /* SideMenuTableViewController.swift */; };
		7F0086EA2540AC6800564A52 /* SideMenuTableViewController.swift in Sources */ = {isa = PBXBuildFile; fileRef = 7F0086E72540AC6800564A52 /* SideMenuTableViewController.swift */; };
		7F0086EF2540B5FD00564A52 /* ContainerViewController.swift in Sources */ = {isa = PBXBuildFile; fileRef = 7F0086EE2540B5FD00564A52 /* ContainerViewController.swift */; };
		7F0086F02540B5FD00564A52 /* ContainerViewController.swift in Sources */ = {isa = PBXBuildFile; fileRef = 7F0086EE2540B5FD00564A52 /* ContainerViewController.swift */; };
		7F0086F12540B5FD00564A52 /* ContainerViewController.swift in Sources */ = {isa = PBXBuildFile; fileRef = 7F0086EE2540B5FD00564A52 /* ContainerViewController.swift */; };
		7F1EC55E2551F0C4006A644D /* DMSans-Bold.ttf in Resources */ = {isa = PBXBuildFile; fileRef = 7F1EC55C2551F0C4006A644D /* DMSans-Bold.ttf */; };
		7F1EC55F2551F0C4006A644D /* DMSans-Bold.ttf in Resources */ = {isa = PBXBuildFile; fileRef = 7F1EC55C2551F0C4006A644D /* DMSans-Bold.ttf */; };
		7F1EC5602551F0C4006A644D /* DMSans-Bold.ttf in Resources */ = {isa = PBXBuildFile; fileRef = 7F1EC55C2551F0C4006A644D /* DMSans-Bold.ttf */; };
		7F1EC5612551F0C4006A644D /* DMSans-Medium.ttf in Resources */ = {isa = PBXBuildFile; fileRef = 7F1EC55D2551F0C4006A644D /* DMSans-Medium.ttf */; };
		7F1EC5622551F0C4006A644D /* DMSans-Medium.ttf in Resources */ = {isa = PBXBuildFile; fileRef = 7F1EC55D2551F0C4006A644D /* DMSans-Medium.ttf */; };
		7F1EC5632551F0C4006A644D /* DMSans-Medium.ttf in Resources */ = {isa = PBXBuildFile; fileRef = 7F1EC55D2551F0C4006A644D /* DMSans-Medium.ttf */; };
		7F1EC56B2551F2FA006A644D /* PBLLabel.swift in Sources */ = {isa = PBXBuildFile; fileRef = 7F1EC56A2551F2FA006A644D /* PBLLabel.swift */; };
		7F1EC56C2551F2FA006A644D /* PBLLabel.swift in Sources */ = {isa = PBXBuildFile; fileRef = 7F1EC56A2551F2FA006A644D /* PBLLabel.swift */; };
		7F1EC56D2551F2FA006A644D /* PBLLabel.swift in Sources */ = {isa = PBXBuildFile; fileRef = 7F1EC56A2551F2FA006A644D /* PBLLabel.swift */; };
		7F1EC578255207C5006A644D /* Alerts.swift in Sources */ = {isa = PBXBuildFile; fileRef = 7F1EC577255207C5006A644D /* Alerts.swift */; };
		7F1EC579255207C5006A644D /* Alerts.swift in Sources */ = {isa = PBXBuildFile; fileRef = 7F1EC577255207C5006A644D /* Alerts.swift */; };
		7F1EC57A255207C5006A644D /* Alerts.swift in Sources */ = {isa = PBXBuildFile; fileRef = 7F1EC577255207C5006A644D /* Alerts.swift */; };
		7F2D11942549DDA00062AC7A /* CrewMember.swift in Sources */ = {isa = PBXBuildFile; fileRef = 7F2D11932549DDA00062AC7A /* CrewMember.swift */; };
		7F2D11952549DDA00062AC7A /* CrewMember.swift in Sources */ = {isa = PBXBuildFile; fileRef = 7F2D11932549DDA00062AC7A /* CrewMember.swift */; };
		7F2D11962549DDA00062AC7A /* CrewMember.swift in Sources */ = {isa = PBXBuildFile; fileRef = 7F2D11932549DDA00062AC7A /* CrewMember.swift */; };
		7F2D11A52549F69A0062AC7A /* SplitTime.storyboard in Resources */ = {isa = PBXBuildFile; fileRef = 7F2D11A42549F69A0062AC7A /* SplitTime.storyboard */; };
		7F2D11A62549F69A0062AC7A /* SplitTime.storyboard in Resources */ = {isa = PBXBuildFile; fileRef = 7F2D11A42549F69A0062AC7A /* SplitTime.storyboard */; };
		7F2D11A72549F69A0062AC7A /* SplitTime.storyboard in Resources */ = {isa = PBXBuildFile; fileRef = 7F2D11A42549F69A0062AC7A /* SplitTime.storyboard */; };
		7F2D11C7254B252E0062AC7A /* SplitFlightTimeViewController.swift in Sources */ = {isa = PBXBuildFile; fileRef = 7F2D11C6254B252E0062AC7A /* SplitFlightTimeViewController.swift */; };
		7F2D11C8254B252E0062AC7A /* SplitFlightTimeViewController.swift in Sources */ = {isa = PBXBuildFile; fileRef = 7F2D11C6254B252E0062AC7A /* SplitFlightTimeViewController.swift */; };
		7F2D11C9254B252E0062AC7A /* SplitFlightTimeViewController.swift in Sources */ = {isa = PBXBuildFile; fileRef = 7F2D11C6254B252E0062AC7A /* SplitFlightTimeViewController.swift */; };
		7F2D11D1254B2A580062AC7A /* AircrewDetailViewController.swift in Sources */ = {isa = PBXBuildFile; fileRef = 7F2D11D0254B2A580062AC7A /* AircrewDetailViewController.swift */; };
		7F2D11D2254B2A580062AC7A /* AircrewDetailViewController.swift in Sources */ = {isa = PBXBuildFile; fileRef = 7F2D11D0254B2A580062AC7A /* AircrewDetailViewController.swift */; };
		7F2D11D3254B2A580062AC7A /* AircrewDetailViewController.swift in Sources */ = {isa = PBXBuildFile; fileRef = 7F2D11D0254B2A580062AC7A /* AircrewDetailViewController.swift */; };
		7F5453D0254CA22800968BFA /* FlightTimeTableViewCell.swift in Sources */ = {isa = PBXBuildFile; fileRef = 7F5453CF254CA22800968BFA /* FlightTimeTableViewCell.swift */; };
		7F5453D1254CA22800968BFA /* FlightTimeTableViewCell.swift in Sources */ = {isa = PBXBuildFile; fileRef = 7F5453CF254CA22800968BFA /* FlightTimeTableViewCell.swift */; };
		7F5453D2254CA22800968BFA /* FlightTimeTableViewCell.swift in Sources */ = {isa = PBXBuildFile; fileRef = 7F5453CF254CA22800968BFA /* FlightTimeTableViewCell.swift */; };
		7F5453D7254CA47300968BFA /* FlightConditionsTableViewCell.swift in Sources */ = {isa = PBXBuildFile; fileRef = 7F5453D6254CA47300968BFA /* FlightConditionsTableViewCell.swift */; };
		7F5453D8254CA47300968BFA /* FlightConditionsTableViewCell.swift in Sources */ = {isa = PBXBuildFile; fileRef = 7F5453D6254CA47300968BFA /* FlightConditionsTableViewCell.swift */; };
		7F5453D9254CA47300968BFA /* FlightConditionsTableViewCell.swift in Sources */ = {isa = PBXBuildFile; fileRef = 7F5453D6254CA47300968BFA /* FlightConditionsTableViewCell.swift */; };
		7F5453E1254CCC8F00968BFA /* MissionViewController.swift in Sources */ = {isa = PBXBuildFile; fileRef = 7F5453E0254CCC8F00968BFA /* MissionViewController.swift */; };
		7F5453E2254CCC8F00968BFA /* MissionViewController.swift in Sources */ = {isa = PBXBuildFile; fileRef = 7F5453E0254CCC8F00968BFA /* MissionViewController.swift */; };
		7F5453E3254CCC8F00968BFA /* MissionViewController.swift in Sources */ = {isa = PBXBuildFile; fileRef = 7F5453E0254CCC8F00968BFA /* MissionViewController.swift */; };
		7F574327254C77E700794C57 /* SplitFlightConditionsViewController.swift in Sources */ = {isa = PBXBuildFile; fileRef = 7F574326254C77E700794C57 /* SplitFlightConditionsViewController.swift */; };
		7F574328254C77E700794C57 /* SplitFlightConditionsViewController.swift in Sources */ = {isa = PBXBuildFile; fileRef = 7F574326254C77E700794C57 /* SplitFlightConditionsViewController.swift */; };
		7F574329254C77E700794C57 /* SplitFlightConditionsViewController.swift in Sources */ = {isa = PBXBuildFile; fileRef = 7F574326254C77E700794C57 /* SplitFlightConditionsViewController.swift */; };
		7F680C3725475C2500625ECC /* Form781Controller.swift in Sources */ = {isa = PBXBuildFile; fileRef = 7F680C3625475C2500625ECC /* Form781Controller.swift */; };
		7F680C3825475C2500625ECC /* Form781Controller.swift in Sources */ = {isa = PBXBuildFile; fileRef = 7F680C3625475C2500625ECC /* Form781Controller.swift */; };
		7F680C3925475C2500625ECC /* Form781Controller.swift in Sources */ = {isa = PBXBuildFile; fileRef = 7F680C3625475C2500625ECC /* Form781Controller.swift */; };
		7F680C3E25475E9200625ECC /* Form781.swift in Sources */ = {isa = PBXBuildFile; fileRef = 7F680C3D25475E9200625ECC /* Form781.swift */; };
		7F680C4825475F0100625ECC /* Flight.swift in Sources */ = {isa = PBXBuildFile; fileRef = 7F680C4725475F0100625ECC /* Flight.swift */; };
		7F680C6B25476A0A00625ECC /* FlightController.swift in Sources */ = {isa = PBXBuildFile; fileRef = 7F680C6A25476A0A00625ECC /* FlightController.swift */; };
		7F680C6C25476A0A00625ECC /* FlightController.swift in Sources */ = {isa = PBXBuildFile; fileRef = 7F680C6A25476A0A00625ECC /* FlightController.swift */; };
		7F680C6D25476A0A00625ECC /* FlightController.swift in Sources */ = {isa = PBXBuildFile; fileRef = 7F680C6A25476A0A00625ECC /* FlightController.swift */; };
		7F680CE32548C1E000625ECC /* FlightTableViewCell.swift in Sources */ = {isa = PBXBuildFile; fileRef = 7F680CE22548C1E000625ECC /* FlightTableViewCell.swift */; };
		7F680CE42548C1E000625ECC /* FlightTableViewCell.swift in Sources */ = {isa = PBXBuildFile; fileRef = 7F680CE22548C1E000625ECC /* FlightTableViewCell.swift */; };
		7F680CE52548C1E000625ECC /* FlightTableViewCell.swift in Sources */ = {isa = PBXBuildFile; fileRef = 7F680CE22548C1E000625ECC /* FlightTableViewCell.swift */; };
		7F680CED2548C46900625ECC /* FlightListViewController.swift in Sources */ = {isa = PBXBuildFile; fileRef = 7F680CEC2548C46900625ECC /* FlightListViewController.swift */; };
		7F680CEE2548C46900625ECC /* FlightListViewController.swift in Sources */ = {isa = PBXBuildFile; fileRef = 7F680CEC2548C46900625ECC /* FlightListViewController.swift */; };
		7F680CEF2548C46900625ECC /* FlightListViewController.swift in Sources */ = {isa = PBXBuildFile; fileRef = 7F680CEC2548C46900625ECC /* FlightListViewController.swift */; };
		7F7E0DD22530FC350041C4E9 /* Colors.xcassets in Resources */ = {isa = PBXBuildFile; fileRef = 7F7E0DD12530FC350041C4E9 /* Colors.xcassets */; };
		7F7E0DDB25310ED80041C4E9 /* StyleGuide.swift in Sources */ = {isa = PBXBuildFile; fileRef = 7F7E0DDA25310ED80041C4E9 /* StyleGuide.swift */; };
		7F7E0DE0253110330041C4E9 /* PBLButton.swift in Sources */ = {isa = PBXBuildFile; fileRef = 7F7E0DDF253110330041C4E9 /* PBLButton.swift */; };
		7F7E0E3D2538B4560041C4E9 /* PBLView.swift in Sources */ = {isa = PBXBuildFile; fileRef = 7F7E0E3C2538B4560041C4E9 /* PBLView.swift */; };
		7F7E0E422538BCCC0041C4E9 /* PBLTextField.swift in Sources */ = {isa = PBXBuildFile; fileRef = 7F7E0E412538BCCC0041C4E9 /* PBLTextField.swift */; };
		7F97DFE9253F94E9005B0892 /* Welcome.storyboard in Resources */ = {isa = PBXBuildFile; fileRef = 7F97DFE8253F94E9005B0892 /* Welcome.storyboard */; };
		7F97DFEA253F94E9005B0892 /* Welcome.storyboard in Resources */ = {isa = PBXBuildFile; fileRef = 7F97DFE8253F94E9005B0892 /* Welcome.storyboard */; };
		7F97DFEB253F94E9005B0892 /* Welcome.storyboard in Resources */ = {isa = PBXBuildFile; fileRef = 7F97DFE8253F94E9005B0892 /* Welcome.storyboard */; };
		7F97DFF6253F9A80005B0892 /* WelcomeViewController.swift in Sources */ = {isa = PBXBuildFile; fileRef = 7F97DFF5253F9A80005B0892 /* WelcomeViewController.swift */; };
		7F97DFF7253F9A80005B0892 /* WelcomeViewController.swift in Sources */ = {isa = PBXBuildFile; fileRef = 7F97DFF5253F9A80005B0892 /* WelcomeViewController.swift */; };
		7F97DFF8253F9A80005B0892 /* WelcomeViewController.swift in Sources */ = {isa = PBXBuildFile; fileRef = 7F97DFF5253F9A80005B0892 /* WelcomeViewController.swift */; };
		7FAB8C3E2541F4E800868215 /* Aircrew.storyboard in Resources */ = {isa = PBXBuildFile; fileRef = 7FAB8C3D2541F4E800868215 /* Aircrew.storyboard */; };
		7FAB8C3F2541F4E800868215 /* Aircrew.storyboard in Resources */ = {isa = PBXBuildFile; fileRef = 7FAB8C3D2541F4E800868215 /* Aircrew.storyboard */; };
		7FAB8C402541F4E800868215 /* Aircrew.storyboard in Resources */ = {isa = PBXBuildFile; fileRef = 7FAB8C3D2541F4E800868215 /* Aircrew.storyboard */; };
		7FAB8C492541FD9100868215 /* AircrewViewController.swift in Sources */ = {isa = PBXBuildFile; fileRef = 7FAB8C482541FD9100868215 /* AircrewViewController.swift */; };
		7FAB8C4A2541FD9100868215 /* AircrewViewController.swift in Sources */ = {isa = PBXBuildFile; fileRef = 7FAB8C482541FD9100868215 /* AircrewViewController.swift */; };
		7FAB8C4B2541FD9100868215 /* AircrewViewController.swift in Sources */ = {isa = PBXBuildFile; fileRef = 7FAB8C482541FD9100868215 /* AircrewViewController.swift */; };
		7FAB8C502541FDA000868215 /* AircrewListViewController.swift in Sources */ = {isa = PBXBuildFile; fileRef = 7FAB8C4F2541FDA000868215 /* AircrewListViewController.swift */; };
		7FAB8C512541FDA000868215 /* AircrewListViewController.swift in Sources */ = {isa = PBXBuildFile; fileRef = 7FAB8C4F2541FDA000868215 /* AircrewListViewController.swift */; };
		7FAB8C522541FDA000868215 /* AircrewListViewController.swift in Sources */ = {isa = PBXBuildFile; fileRef = 7FAB8C4F2541FDA000868215 /* AircrewListViewController.swift */; };
		7FAB8C5725422E1000868215 /* AircrewTableViewCell.swift in Sources */ = {isa = PBXBuildFile; fileRef = 7FAB8C5625422E1000868215 /* AircrewTableViewCell.swift */; };
		7FAB8C5825422E1000868215 /* AircrewTableViewCell.swift in Sources */ = {isa = PBXBuildFile; fileRef = 7FAB8C5625422E1000868215 /* AircrewTableViewCell.swift */; };
		7FAB8C5925422E1000868215 /* AircrewTableViewCell.swift in Sources */ = {isa = PBXBuildFile; fileRef = 7FAB8C5625422E1000868215 /* AircrewTableViewCell.swift */; };
		7FAB8C5E254337F700868215 /* SplitTimeViewController.swift in Sources */ = {isa = PBXBuildFile; fileRef = 7FAB8C5D254337F700868215 /* SplitTimeViewController.swift */; };
		7FAB8C5F254337F700868215 /* SplitTimeViewController.swift in Sources */ = {isa = PBXBuildFile; fileRef = 7FAB8C5D254337F700868215 /* SplitTimeViewController.swift */; };
		7FAB8C60254337F700868215 /* SplitTimeViewController.swift in Sources */ = {isa = PBXBuildFile; fileRef = 7FAB8C5D254337F700868215 /* SplitTimeViewController.swift */; };
		7FAB8C72254347EF00868215 /* Overview.storyboard in Resources */ = {isa = PBXBuildFile; fileRef = 7FAB8C71254347EF00868215 /* Overview.storyboard */; };
		7FAB8C73254347EF00868215 /* Overview.storyboard in Resources */ = {isa = PBXBuildFile; fileRef = 7FAB8C71254347EF00868215 /* Overview.storyboard */; };
		7FAB8C74254347EF00868215 /* Overview.storyboard in Resources */ = {isa = PBXBuildFile; fileRef = 7FAB8C71254347EF00868215 /* Overview.storyboard */; };
		7FAB8C7C25434D5800868215 /* Error.storyboard in Resources */ = {isa = PBXBuildFile; fileRef = 7FAB8C7B25434D5800868215 /* Error.storyboard */; };
		7FAB8C7D25434D5800868215 /* Error.storyboard in Resources */ = {isa = PBXBuildFile; fileRef = 7FAB8C7B25434D5800868215 /* Error.storyboard */; };
		7FAB8C7E25434D5800868215 /* Error.storyboard in Resources */ = {isa = PBXBuildFile; fileRef = 7FAB8C7B25434D5800868215 /* Error.storyboard */; };
		7FAB8C8625434E1400868215 /* OverviewViewController.swift in Sources */ = {isa = PBXBuildFile; fileRef = 7FAB8C8525434E1400868215 /* OverviewViewController.swift */; };
		7FAB8C8725434E1400868215 /* OverviewViewController.swift in Sources */ = {isa = PBXBuildFile; fileRef = 7FAB8C8525434E1400868215 /* OverviewViewController.swift */; };
		7FAB8C8825434E1400868215 /* OverviewViewController.swift in Sources */ = {isa = PBXBuildFile; fileRef = 7FAB8C8525434E1400868215 /* OverviewViewController.swift */; };
		7FAB8C8D25434E2300868215 /* ErrorViewController.swift in Sources */ = {isa = PBXBuildFile; fileRef = 7FAB8C8C25434E2300868215 /* ErrorViewController.swift */; };
		7FAB8C8E25434E2300868215 /* ErrorViewController.swift in Sources */ = {isa = PBXBuildFile; fileRef = 7FAB8C8C25434E2300868215 /* ErrorViewController.swift */; };
		7FAB8C8F25434E2300868215 /* ErrorViewController.swift in Sources */ = {isa = PBXBuildFile; fileRef = 7FAB8C8C25434E2300868215 /* ErrorViewController.swift */; };
		7FAB8CA4254363F600868215 /* CrewMemberController.swift in Sources */ = {isa = PBXBuildFile; fileRef = 7FAB8CA3254363F600868215 /* CrewMemberController.swift */; };
		7FAB8CA5254363F600868215 /* CrewMemberController.swift in Sources */ = {isa = PBXBuildFile; fileRef = 7FAB8CA3254363F600868215 /* CrewMemberController.swift */; };
		7FAB8CA6254363F600868215 /* CrewMemberController.swift in Sources */ = {isa = PBXBuildFile; fileRef = 7FAB8CA3254363F600868215 /* CrewMemberController.swift */; };
		7FE48BB8255088D600F26760 /* HelperFunctions.swift in Sources */ = {isa = PBXBuildFile; fileRef = 7FE48BB7255088D600F26760 /* HelperFunctions.swift */; };
		7FE48BB9255088D600F26760 /* HelperFunctions.swift in Sources */ = {isa = PBXBuildFile; fileRef = 7FE48BB7255088D600F26760 /* HelperFunctions.swift */; };
		7FE48BBA255088D600F26760 /* HelperFunctions.swift in Sources */ = {isa = PBXBuildFile; fileRef = 7FE48BB7255088D600F26760 /* HelperFunctions.swift */; };
		7FEE987C2554588D00971F60 /* DMSans-Regular.ttf in Resources */ = {isa = PBXBuildFile; fileRef = 7FEE987B2554588D00971F60 /* DMSans-Regular.ttf */; };
		7FEE987D2554588D00971F60 /* DMSans-Regular.ttf in Resources */ = {isa = PBXBuildFile; fileRef = 7FEE987B2554588D00971F60 /* DMSans-Regular.ttf */; };
		7FEE987E2554588D00971F60 /* DMSans-Regular.ttf in Resources */ = {isa = PBXBuildFile; fileRef = 7FEE987B2554588D00971F60 /* DMSans-Regular.ttf */; };
		83D8407B24D3402A00F336E3 /* AppDelegate.swift in Sources */ = {isa = PBXBuildFile; fileRef = 83D8407A24D3402A00F336E3 /* AppDelegate.swift */; };
		83D8407D24D3402A00F336E3 /* SceneDelegate.swift in Sources */ = {isa = PBXBuildFile; fileRef = 83D8407C24D3402A00F336E3 /* SceneDelegate.swift */; };
		83D8408424D3402A00F336E3 /* Form781.storyboard in Resources */ = {isa = PBXBuildFile; fileRef = 83D8408224D3402A00F336E3 /* Form781.storyboard */; };
		83D8408624D3402D00F336E3 /* Assets.xcassets in Resources */ = {isa = PBXBuildFile; fileRef = 83D8408524D3402D00F336E3 /* Assets.xcassets */; };
		83D8408924D3402D00F336E3 /* LaunchScreen.storyboard in Resources */ = {isa = PBXBuildFile; fileRef = 83D8408724D3402D00F336E3 /* LaunchScreen.storyboard */; };
		83D8409424D3402D00F336E3 /* LoggingTests.swift in Sources */ = {isa = PBXBuildFile; fileRef = 83D8409324D3402D00F336E3 /* LoggingTests.swift */; };
		83D8409F24D3402D00F336E3 /* LoggingUITests.swift in Sources */ = {isa = PBXBuildFile; fileRef = 83D8409E24D3402D00F336E3 /* LoggingUITests.swift */; };
		A9D320D7193904F747E1FF90 /* Pods_Logging_LoggingUITests.framework in Frameworks */ = {isa = PBXBuildFile; fileRef = 7192C4E0628E4E7D0C02BFBC /* Pods_Logging_LoggingUITests.framework */; };
		FC99B2719A65D5512B76F5AC /* Pods_LoggingTests.framework in Frameworks */ = {isa = PBXBuildFile; fileRef = 47FE006718C4942F5FE50BB0 /* Pods_LoggingTests.framework */; };
/* End PBXBuildFile section */

/* Begin PBXContainerItemProxy section */
		83D8409024D3402D00F336E3 /* PBXContainerItemProxy */ = {
			isa = PBXContainerItemProxy;
			containerPortal = 83D8406F24D3402A00F336E3 /* Project object */;
			proxyType = 1;
			remoteGlobalIDString = 83D8407624D3402A00F336E3;
			remoteInfo = Logging;
		};
		83D8409B24D3402D00F336E3 /* PBXContainerItemProxy */ = {
			isa = PBXContainerItemProxy;
			containerPortal = 83D8406F24D3402A00F336E3 /* Project object */;
			proxyType = 1;
			remoteGlobalIDString = 83D8407624D3402A00F336E3;
			remoteInfo = Logging;
		};
/* End PBXContainerItemProxy section */

/* Begin PBXFileReference section */
		131239A22518EFCF00F3B636 /* afto781.pdf */ = {isa = PBXFileReference; lastKnownFileType = image.pdf; path = afto781.pdf; sourceTree = "<group>"; };
		131239A72518F98000F3B636 /* afto781.jpg */ = {isa = PBXFileReference; lastKnownFileType = image.jpeg; path = afto781.jpg; sourceTree = "<group>"; };
		135CFC4B255098D7008D1F1E /* HelperFunctions.swift */ = {isa = PBXFileReference; fileEncoding = 4; lastKnownFileType = sourcecode.swift; path = HelperFunctions.swift; sourceTree = "<group>"; };
		13965D85DFCED656F8ABF8B0 /* Pods-Logging.debug.xcconfig */ = {isa = PBXFileReference; includeInIndex = 1; lastKnownFileType = text.xcconfig; name = "Pods-Logging.debug.xcconfig"; path = "Target Support Files/Pods-Logging/Pods-Logging.debug.xcconfig"; sourceTree = "<group>"; };
		13C38BF3256858C300E8D919 /* Form781Error.swift */ = {isa = PBXFileReference; fileEncoding = 4; lastKnownFileType = sourcecode.swift; path = Form781Error.swift; sourceTree = "<group>"; };
		13F08EA025221F7D00CDAEE4 /* header.png */ = {isa = PBXFileReference; lastKnownFileType = image.png; path = header.png; sourceTree = "<group>"; };
		13F08EAD252222A800CDAEE4 /* separator line.jpg */ = {isa = PBXFileReference; lastKnownFileType = image.jpeg; path = "separator line.jpg"; sourceTree = "<group>"; };
		261E04EA491F9077DD955A76 /* Pods-Logging.release.xcconfig */ = {isa = PBXFileReference; includeInIndex = 1; lastKnownFileType = text.xcconfig; name = "Pods-Logging.release.xcconfig"; path = "Target Support Files/Pods-Logging/Pods-Logging.release.xcconfig"; sourceTree = "<group>"; };
		2E2B17BC9BB310463EA2A32E /* Pods_Logging.framework */ = {isa = PBXFileReference; explicitFileType = wrapper.framework; includeInIndex = 0; path = Pods_Logging.framework; sourceTree = BUILT_PRODUCTS_DIR; };
		429BDF4BA793A82002D5F5B1 /* Pods-Logging-LoggingUITests.debug.xcconfig */ = {isa = PBXFileReference; includeInIndex = 1; lastKnownFileType = text.xcconfig; name = "Pods-Logging-LoggingUITests.debug.xcconfig"; path = "Target Support Files/Pods-Logging-LoggingUITests/Pods-Logging-LoggingUITests.debug.xcconfig"; sourceTree = "<group>"; };
		47FE006718C4942F5FE50BB0 /* Pods_LoggingTests.framework */ = {isa = PBXFileReference; explicitFileType = wrapper.framework; includeInIndex = 0; path = Pods_LoggingTests.framework; sourceTree = BUILT_PRODUCTS_DIR; };
		56785B42F81CEB0155B65640 /* Pods-Logging-LoggingUITests.release.xcconfig */ = {isa = PBXFileReference; includeInIndex = 1; lastKnownFileType = text.xcconfig; name = "Pods-Logging-LoggingUITests.release.xcconfig"; path = "Target Support Files/Pods-Logging-LoggingUITests/Pods-Logging-LoggingUITests.release.xcconfig"; sourceTree = "<group>"; };
		6FEF2540CD77AC4D9725058A /* Pods-LoggingTests.debug.xcconfig */ = {isa = PBXFileReference; includeInIndex = 1; lastKnownFileType = text.xcconfig; name = "Pods-LoggingTests.debug.xcconfig"; path = "Target Support Files/Pods-LoggingTests/Pods-LoggingTests.debug.xcconfig"; sourceTree = "<group>"; };
		7192C4E0628E4E7D0C02BFBC /* Pods_Logging_LoggingUITests.framework */ = {isa = PBXFileReference; explicitFileType = wrapper.framework; includeInIndex = 0; path = Pods_Logging_LoggingUITests.framework; sourceTree = BUILT_PRODUCTS_DIR; };
		7F0086E72540AC6800564A52 /* SideMenuTableViewController.swift */ = {isa = PBXFileReference; lastKnownFileType = sourcecode.swift; path = SideMenuTableViewController.swift; sourceTree = "<group>"; };
		7F0086EE2540B5FD00564A52 /* ContainerViewController.swift */ = {isa = PBXFileReference; lastKnownFileType = sourcecode.swift; path = ContainerViewController.swift; sourceTree = "<group>"; };
		7F1EC55C2551F0C4006A644D /* DMSans-Bold.ttf */ = {isa = PBXFileReference; lastKnownFileType = file; path = "DMSans-Bold.ttf"; sourceTree = "<group>"; };
		7F1EC55D2551F0C4006A644D /* DMSans-Medium.ttf */ = {isa = PBXFileReference; lastKnownFileType = file; path = "DMSans-Medium.ttf"; sourceTree = "<group>"; };
		7F1EC56A2551F2FA006A644D /* PBLLabel.swift */ = {isa = PBXFileReference; lastKnownFileType = sourcecode.swift; path = PBLLabel.swift; sourceTree = "<group>"; };
		7F1EC577255207C5006A644D /* Alerts.swift */ = {isa = PBXFileReference; lastKnownFileType = sourcecode.swift; path = Alerts.swift; sourceTree = "<group>"; };
		7F2D11932549DDA00062AC7A /* CrewMember.swift */ = {isa = PBXFileReference; lastKnownFileType = sourcecode.swift; path = CrewMember.swift; sourceTree = "<group>"; };
		7F2D11A42549F69A0062AC7A /* SplitTime.storyboard */ = {isa = PBXFileReference; lastKnownFileType = file.storyboard; path = SplitTime.storyboard; sourceTree = "<group>"; };
		7F2D11C6254B252E0062AC7A /* SplitFlightTimeViewController.swift */ = {isa = PBXFileReference; lastKnownFileType = sourcecode.swift; path = SplitFlightTimeViewController.swift; sourceTree = "<group>"; };
		7F2D11D0254B2A580062AC7A /* AircrewDetailViewController.swift */ = {isa = PBXFileReference; lastKnownFileType = sourcecode.swift; path = AircrewDetailViewController.swift; sourceTree = "<group>"; };
		7F5453CF254CA22800968BFA /* FlightTimeTableViewCell.swift */ = {isa = PBXFileReference; lastKnownFileType = sourcecode.swift; path = FlightTimeTableViewCell.swift; sourceTree = "<group>"; };
		7F5453D6254CA47300968BFA /* FlightConditionsTableViewCell.swift */ = {isa = PBXFileReference; lastKnownFileType = sourcecode.swift; path = FlightConditionsTableViewCell.swift; sourceTree = "<group>"; };
		7F5453E0254CCC8F00968BFA /* MissionViewController.swift */ = {isa = PBXFileReference; lastKnownFileType = sourcecode.swift; path = MissionViewController.swift; sourceTree = "<group>"; };
		7F574326254C77E700794C57 /* SplitFlightConditionsViewController.swift */ = {isa = PBXFileReference; lastKnownFileType = sourcecode.swift; path = SplitFlightConditionsViewController.swift; sourceTree = "<group>"; };
		7F680C3625475C2500625ECC /* Form781Controller.swift */ = {isa = PBXFileReference; lastKnownFileType = sourcecode.swift; path = Form781Controller.swift; sourceTree = "<group>"; };
		7F680C3D25475E9200625ECC /* Form781.swift */ = {isa = PBXFileReference; lastKnownFileType = sourcecode.swift; path = Form781.swift; sourceTree = "<group>"; };
		7F680C4725475F0100625ECC /* Flight.swift */ = {isa = PBXFileReference; lastKnownFileType = sourcecode.swift; path = Flight.swift; sourceTree = "<group>"; };
		7F680C6A25476A0A00625ECC /* FlightController.swift */ = {isa = PBXFileReference; lastKnownFileType = sourcecode.swift; path = FlightController.swift; sourceTree = "<group>"; };
		7F680CE22548C1E000625ECC /* FlightTableViewCell.swift */ = {isa = PBXFileReference; lastKnownFileType = sourcecode.swift; path = FlightTableViewCell.swift; sourceTree = "<group>"; };
		7F680CEC2548C46900625ECC /* FlightListViewController.swift */ = {isa = PBXFileReference; lastKnownFileType = sourcecode.swift; path = FlightListViewController.swift; sourceTree = "<group>"; };
		7F7E0DD12530FC350041C4E9 /* Colors.xcassets */ = {isa = PBXFileReference; lastKnownFileType = folder.assetcatalog; path = Colors.xcassets; sourceTree = "<group>"; };
		7F7E0DDA25310ED80041C4E9 /* StyleGuide.swift */ = {isa = PBXFileReference; lastKnownFileType = sourcecode.swift; path = StyleGuide.swift; sourceTree = "<group>"; };
		7F7E0DDF253110330041C4E9 /* PBLButton.swift */ = {isa = PBXFileReference; lastKnownFileType = sourcecode.swift; path = PBLButton.swift; sourceTree = "<group>"; };
		7F7E0E3C2538B4560041C4E9 /* PBLView.swift */ = {isa = PBXFileReference; lastKnownFileType = sourcecode.swift; path = PBLView.swift; sourceTree = "<group>"; };
		7F7E0E412538BCCC0041C4E9 /* PBLTextField.swift */ = {isa = PBXFileReference; lastKnownFileType = sourcecode.swift; path = PBLTextField.swift; sourceTree = "<group>"; };
		7F97DFE8253F94E9005B0892 /* Welcome.storyboard */ = {isa = PBXFileReference; lastKnownFileType = file.storyboard; path = Welcome.storyboard; sourceTree = "<group>"; };
		7F97DFF5253F9A80005B0892 /* WelcomeViewController.swift */ = {isa = PBXFileReference; lastKnownFileType = sourcecode.swift; path = WelcomeViewController.swift; sourceTree = "<group>"; };
		7FAB8C3D2541F4E800868215 /* Aircrew.storyboard */ = {isa = PBXFileReference; lastKnownFileType = file.storyboard; path = Aircrew.storyboard; sourceTree = "<group>"; };
		7FAB8C482541FD9100868215 /* AircrewViewController.swift */ = {isa = PBXFileReference; lastKnownFileType = sourcecode.swift; path = AircrewViewController.swift; sourceTree = "<group>"; };
		7FAB8C4F2541FDA000868215 /* AircrewListViewController.swift */ = {isa = PBXFileReference; lastKnownFileType = sourcecode.swift; path = AircrewListViewController.swift; sourceTree = "<group>"; };
		7FAB8C5625422E1000868215 /* AircrewTableViewCell.swift */ = {isa = PBXFileReference; lastKnownFileType = sourcecode.swift; path = AircrewTableViewCell.swift; sourceTree = "<group>"; };
		7FAB8C5D254337F700868215 /* SplitTimeViewController.swift */ = {isa = PBXFileReference; lastKnownFileType = sourcecode.swift; path = SplitTimeViewController.swift; sourceTree = "<group>"; };
		7FAB8C71254347EF00868215 /* Overview.storyboard */ = {isa = PBXFileReference; lastKnownFileType = file.storyboard; path = Overview.storyboard; sourceTree = "<group>"; };
		7FAB8C7B25434D5800868215 /* Error.storyboard */ = {isa = PBXFileReference; lastKnownFileType = file.storyboard; path = Error.storyboard; sourceTree = "<group>"; };
		7FAB8C8525434E1400868215 /* OverviewViewController.swift */ = {isa = PBXFileReference; lastKnownFileType = sourcecode.swift; path = OverviewViewController.swift; sourceTree = "<group>"; };
		7FAB8C8C25434E2300868215 /* ErrorViewController.swift */ = {isa = PBXFileReference; lastKnownFileType = sourcecode.swift; path = ErrorViewController.swift; sourceTree = "<group>"; };
		7FAB8CA3254363F600868215 /* CrewMemberController.swift */ = {isa = PBXFileReference; lastKnownFileType = sourcecode.swift; path = CrewMemberController.swift; sourceTree = "<group>"; };
		7FE48BB7255088D600F26760 /* HelperFunctions.swift */ = {isa = PBXFileReference; lastKnownFileType = sourcecode.swift; path = HelperFunctions.swift; sourceTree = "<group>"; };
		7FEE987B2554588D00971F60 /* DMSans-Regular.ttf */ = {isa = PBXFileReference; lastKnownFileType = file; path = "DMSans-Regular.ttf"; sourceTree = "<group>"; };
		83D8407724D3402A00F336E3 /* Logging.app */ = {isa = PBXFileReference; explicitFileType = wrapper.application; includeInIndex = 0; path = Logging.app; sourceTree = BUILT_PRODUCTS_DIR; };
		83D8407A24D3402A00F336E3 /* AppDelegate.swift */ = {isa = PBXFileReference; lastKnownFileType = sourcecode.swift; path = AppDelegate.swift; sourceTree = "<group>"; };
		83D8407C24D3402A00F336E3 /* SceneDelegate.swift */ = {isa = PBXFileReference; lastKnownFileType = sourcecode.swift; path = SceneDelegate.swift; sourceTree = "<group>"; };
		83D8408324D3402A00F336E3 /* Base */ = {isa = PBXFileReference; lastKnownFileType = file.storyboard; name = Base; path = Base.lproj/Form781.storyboard; sourceTree = "<group>"; };
		83D8408524D3402D00F336E3 /* Assets.xcassets */ = {isa = PBXFileReference; lastKnownFileType = folder.assetcatalog; path = Assets.xcassets; sourceTree = "<group>"; };
		83D8408824D3402D00F336E3 /* Base */ = {isa = PBXFileReference; lastKnownFileType = file.storyboard; name = Base; path = Base.lproj/LaunchScreen.storyboard; sourceTree = "<group>"; };
		83D8408A24D3402D00F336E3 /* Info.plist */ = {isa = PBXFileReference; lastKnownFileType = text.plist.xml; path = Info.plist; sourceTree = "<group>"; };
		83D8408F24D3402D00F336E3 /* LoggingTests.xctest */ = {isa = PBXFileReference; explicitFileType = wrapper.cfbundle; includeInIndex = 0; path = LoggingTests.xctest; sourceTree = BUILT_PRODUCTS_DIR; };
		83D8409324D3402D00F336E3 /* LoggingTests.swift */ = {isa = PBXFileReference; lastKnownFileType = sourcecode.swift; path = LoggingTests.swift; sourceTree = "<group>"; };
		83D8409524D3402D00F336E3 /* Info.plist */ = {isa = PBXFileReference; lastKnownFileType = text.plist.xml; path = Info.plist; sourceTree = "<group>"; };
		83D8409A24D3402D00F336E3 /* LoggingUITests.xctest */ = {isa = PBXFileReference; explicitFileType = wrapper.cfbundle; includeInIndex = 0; path = LoggingUITests.xctest; sourceTree = BUILT_PRODUCTS_DIR; };
		83D8409E24D3402D00F336E3 /* LoggingUITests.swift */ = {isa = PBXFileReference; lastKnownFileType = sourcecode.swift; path = LoggingUITests.swift; sourceTree = "<group>"; };
		83D840A024D3402D00F336E3 /* Info.plist */ = {isa = PBXFileReference; lastKnownFileType = text.plist.xml; path = Info.plist; sourceTree = "<group>"; };
		ED9788E1C9AF89B0FDD4ABF4 /* Pods-LoggingTests.release.xcconfig */ = {isa = PBXFileReference; includeInIndex = 1; lastKnownFileType = text.xcconfig; name = "Pods-LoggingTests.release.xcconfig"; path = "Target Support Files/Pods-LoggingTests/Pods-LoggingTests.release.xcconfig"; sourceTree = "<group>"; };
/* End PBXFileReference section */

/* Begin PBXFrameworksBuildPhase section */
		83D8407424D3402A00F336E3 /* Frameworks */ = {
			isa = PBXFrameworksBuildPhase;
			buildActionMask = 2147483647;
			files = (
				7C3790BDC466879F81B1B28B /* Pods_Logging.framework in Frameworks */,
			);
			runOnlyForDeploymentPostprocessing = 0;
		};
		83D8408C24D3402D00F336E3 /* Frameworks */ = {
			isa = PBXFrameworksBuildPhase;
			buildActionMask = 2147483647;
			files = (
				FC99B2719A65D5512B76F5AC /* Pods_LoggingTests.framework in Frameworks */,
			);
			runOnlyForDeploymentPostprocessing = 0;
		};
		83D8409724D3402D00F336E3 /* Frameworks */ = {
			isa = PBXFrameworksBuildPhase;
			buildActionMask = 2147483647;
			files = (
				A9D320D7193904F747E1FF90 /* Pods_Logging_LoggingUITests.framework in Frameworks */,
			);
			runOnlyForDeploymentPostprocessing = 0;
		};
/* End PBXFrameworksBuildPhase section */

/* Begin PBXGroup section */
		1305C2872551949A0017F98F /* Recovered References */ = {
			isa = PBXGroup;
			children = (
				135CFC4B255098D7008D1F1E /* HelperFunctions.swift */,
			);
			name = "Recovered References";
			sourceTree = "<group>";
		};
		131239AC2518FA7400F3B636 /* res */ = {
			isa = PBXGroup;
			children = (
				13F08EAD252222A800CDAEE4 /* separator line.jpg */,
				13F08EA025221F7D00CDAEE4 /* header.png */,
				131239A72518F98000F3B636 /* afto781.jpg */,
			);
			path = res;
			sourceTree = "<group>";
		};
		21BF12A5A9F2C2E0D672C5F7 /* Frameworks */ = {
			isa = PBXGroup;
			children = (
				2E2B17BC9BB310463EA2A32E /* Pods_Logging.framework */,
				7192C4E0628E4E7D0C02BFBC /* Pods_Logging_LoggingUITests.framework */,
				47FE006718C4942F5FE50BB0 /* Pods_LoggingTests.framework */,
			);
			name = Frameworks;
			sourceTree = "<group>";
		};
		7F0086F52541DDAB00564A52 /* General */ = {
			isa = PBXGroup;
			children = (
				7F97DFF5253F9A80005B0892 /* WelcomeViewController.swift */,
				7FAB8C8525434E1400868215 /* OverviewViewController.swift */,
				7FAB8C8C25434E2300868215 /* ErrorViewController.swift */,
			);
			path = General;
			sourceTree = "<group>";
		};
		7F0086F62541DDB200564A52 /* Form 781 */ = {
			isa = PBXGroup;
			children = (
				7F5453E0254CCC8F00968BFA /* MissionViewController.swift */,
				7F680CEC2548C46900625ECC /* FlightListViewController.swift */,
				7F680CE22548C1E000625ECC /* FlightTableViewCell.swift */,
				7F0086EE2540B5FD00564A52 /* ContainerViewController.swift */,
				7F0086E72540AC6800564A52 /* SideMenuTableViewController.swift */,
			);
			path = "Form 781";
			sourceTree = "<group>";
		};
		7F1EC55B2551F0A8006A644D /* Fonts */ = {
			isa = PBXGroup;
			children = (
				7F1EC55C2551F0C4006A644D /* DMSans-Bold.ttf */,
				7F1EC55D2551F0C4006A644D /* DMSans-Medium.ttf */,
				7FEE987B2554588D00971F60 /* DMSans-Regular.ttf */,
			);
			path = Fonts;
			sourceTree = "<group>";
		};
		7F2D11AE2549F7290062AC7A /* Split Time */ = {
			isa = PBXGroup;
			children = (
				7FAB8C5D254337F700868215 /* SplitTimeViewController.swift */,
				7F2D11C6254B252E0062AC7A /* SplitFlightTimeViewController.swift */,
				7F5453CF254CA22800968BFA /* FlightTimeTableViewCell.swift */,
				7F574326254C77E700794C57 /* SplitFlightConditionsViewController.swift */,
				7F5453D6254CA47300968BFA /* FlightConditionsTableViewCell.swift */,
			);
			path = "Split Time";
			sourceTree = "<group>";
		};
		7F680CF62548D3FE00625ECC /* Form 781 */ = {
			isa = PBXGroup;
			children = (
				7F680C3D25475E9200625ECC /* Form781.swift */,
				7F680C4725475F0100625ECC /* Flight.swift */,
				7F2D11932549DDA00062AC7A /* CrewMember.swift */,
			);
			path = "Form 781";
			sourceTree = "<group>";
		};
		7F680CF72548D42300625ECC /* Form 781 */ = {
			isa = PBXGroup;
			children = (
				7F680C3625475C2500625ECC /* Form781Controller.swift */,
				7F680C6A25476A0A00625ECC /* FlightController.swift */,
				7FAB8CA3254363F600868215 /* CrewMemberController.swift */,
			);
			path = "Form 781";
			sourceTree = "<group>";
		};
		7F7E0DD925310EC50041C4E9 /* HelperFiles */ = {
			isa = PBXGroup;
			children = (
				13C38BF3256858C300E8D919 /* Form781Error.swift */,
				7F1EC577255207C5006A644D /* Alerts.swift */,
				7FE48BB7255088D600F26760 /* HelperFunctions.swift */,
				7F7E0DDA25310ED80041C4E9 /* StyleGuide.swift */,
				7F7E0E3C2538B4560041C4E9 /* PBLView.swift */,
				7F1EC56A2551F2FA006A644D /* PBLLabel.swift */,
				7F7E0E412538BCCC0041C4E9 /* PBLTextField.swift */,
				7F7E0DDF253110330041C4E9 /* PBLButton.swift */,
			);
			path = HelperFiles;
			sourceTree = "<group>";
		};
		7F83BBAB252F6E8800D13482 /* Models */ = {
			isa = PBXGroup;
			children = (
				7F680CF62548D3FE00625ECC /* Form 781 */,
			);
			path = Models;
			sourceTree = "<group>";
		};
		7F83BBAC252F6E9100D13482 /* Controllers */ = {
			isa = PBXGroup;
			children = (
				7F83BBAE252F6F3200D13482 /* Model Controllers */,
				7F83BBAF252F6F3C00D13482 /* View Controllers */,
			);
			path = Controllers;
			sourceTree = "<group>";
		};
		7F83BBAD252F6EA000D13482 /* Views */ = {
			isa = PBXGroup;
			children = (
				83D8408724D3402D00F336E3 /* LaunchScreen.storyboard */,
				7F97DFE8253F94E9005B0892 /* Welcome.storyboard */,
				83D8408224D3402A00F336E3 /* Form781.storyboard */,
				7FAB8C3D2541F4E800868215 /* Aircrew.storyboard */,
				7F2D11A42549F69A0062AC7A /* SplitTime.storyboard */,
				7FAB8C71254347EF00868215 /* Overview.storyboard */,
				7FAB8C7B25434D5800868215 /* Error.storyboard */,
			);
			path = Views;
			sourceTree = "<group>";
		};
		7F83BBAE252F6F3200D13482 /* Model Controllers */ = {
			isa = PBXGroup;
			children = (
				7F680CF72548D42300625ECC /* Form 781 */,
			);
			path = "Model Controllers";
			sourceTree = "<group>";
		};
		7F83BBAF252F6F3C00D13482 /* View Controllers */ = {
			isa = PBXGroup;
			children = (
				7F0086F52541DDAB00564A52 /* General */,
				7F0086F62541DDB200564A52 /* Form 781 */,
				7FAB8C442541FD5100868215 /* Aircrew */,
				7F2D11AE2549F7290062AC7A /* Split Time */,
			);
			path = "View Controllers";
			sourceTree = "<group>";
		};
		7F83BBB3252F6F8700D13482 /* Resources */ = {
			isa = PBXGroup;
			children = (
				7F1EC55B2551F0A8006A644D /* Fonts */,
				83D8407A24D3402A00F336E3 /* AppDelegate.swift */,
				83D8407C24D3402A00F336E3 /* SceneDelegate.swift */,
				83D8408524D3402D00F336E3 /* Assets.xcassets */,
				7F7E0DD12530FC350041C4E9 /* Colors.xcassets */,
				131239A22518EFCF00F3B636 /* afto781.pdf */,
				83D8408A24D3402D00F336E3 /* Info.plist */,
			);
			path = Resources;
			sourceTree = "<group>";
		};
		7FAB8C442541FD5100868215 /* Aircrew */ = {
			isa = PBXGroup;
			children = (
				7FAB8C482541FD9100868215 /* AircrewViewController.swift */,
				7FAB8C4F2541FDA000868215 /* AircrewListViewController.swift */,
				7FAB8C5625422E1000868215 /* AircrewTableViewCell.swift */,
				7F2D11D0254B2A580062AC7A /* AircrewDetailViewController.swift */,
			);
			path = Aircrew;
			sourceTree = "<group>";
		};
		83D8406E24D3402A00F336E3 = {
			isa = PBXGroup;
			children = (
				83D8407924D3402A00F336E3 /* Logging */,
				83D8409224D3402D00F336E3 /* LoggingTests */,
				83D8409D24D3402D00F336E3 /* LoggingUITests */,
				83D8407824D3402A00F336E3 /* Products */,
				AC2BC68D45133CCDF12A05CE /* Pods */,
				21BF12A5A9F2C2E0D672C5F7 /* Frameworks */,
				1305C2872551949A0017F98F /* Recovered References */,
			);
			sourceTree = "<group>";
		};
		83D8407824D3402A00F336E3 /* Products */ = {
			isa = PBXGroup;
			children = (
				83D8407724D3402A00F336E3 /* Logging.app */,
				83D8408F24D3402D00F336E3 /* LoggingTests.xctest */,
				83D8409A24D3402D00F336E3 /* LoggingUITests.xctest */,
			);
			name = Products;
			sourceTree = "<group>";
		};
		83D8407924D3402A00F336E3 /* Logging */ = {
			isa = PBXGroup;
			children = (
				7F7E0DD925310EC50041C4E9 /* HelperFiles */,
				7F83BBAB252F6E8800D13482 /* Models */,
				7F83BBAC252F6E9100D13482 /* Controllers */,
				7F83BBAD252F6EA000D13482 /* Views */,
				7F83BBB3252F6F8700D13482 /* Resources */,
				131239AC2518FA7400F3B636 /* res */,
			);
			path = Logging;
			sourceTree = "<group>";
		};
		83D8409224D3402D00F336E3 /* LoggingTests */ = {
			isa = PBXGroup;
			children = (
				83D8409324D3402D00F336E3 /* LoggingTests.swift */,
				83D8409524D3402D00F336E3 /* Info.plist */,
			);
			path = LoggingTests;
			sourceTree = "<group>";
		};
		83D8409D24D3402D00F336E3 /* LoggingUITests */ = {
			isa = PBXGroup;
			children = (
				83D8409E24D3402D00F336E3 /* LoggingUITests.swift */,
				83D840A024D3402D00F336E3 /* Info.plist */,
			);
			path = LoggingUITests;
			sourceTree = "<group>";
		};
		AC2BC68D45133CCDF12A05CE /* Pods */ = {
			isa = PBXGroup;
			children = (
				13965D85DFCED656F8ABF8B0 /* Pods-Logging.debug.xcconfig */,
				261E04EA491F9077DD955A76 /* Pods-Logging.release.xcconfig */,
				429BDF4BA793A82002D5F5B1 /* Pods-Logging-LoggingUITests.debug.xcconfig */,
				56785B42F81CEB0155B65640 /* Pods-Logging-LoggingUITests.release.xcconfig */,
				6FEF2540CD77AC4D9725058A /* Pods-LoggingTests.debug.xcconfig */,
				ED9788E1C9AF89B0FDD4ABF4 /* Pods-LoggingTests.release.xcconfig */,
			);
			path = Pods;
			sourceTree = "<group>";
		};
/* End PBXGroup section */

/* Begin PBXNativeTarget section */
		83D8407624D3402A00F336E3 /* Logging */ = {
			isa = PBXNativeTarget;
			buildConfigurationList = 83D840A324D3402D00F336E3 /* Build configuration list for PBXNativeTarget "Logging" */;
			buildPhases = (
				3BABCE22232CA017CE915EAA /* [CP] Check Pods Manifest.lock */,
				83D8407324D3402A00F336E3 /* Sources */,
				83D8407424D3402A00F336E3 /* Frameworks */,
				83D8407524D3402A00F336E3 /* Resources */,
				13673C822566B63C00733936 /* ShellScript */,
			);
			buildRules = (
			);
			dependencies = (
			);
			name = Logging;
			productName = Logging;
			productReference = 83D8407724D3402A00F336E3 /* Logging.app */;
			productType = "com.apple.product-type.application";
		};
		83D8408E24D3402D00F336E3 /* LoggingTests */ = {
			isa = PBXNativeTarget;
			buildConfigurationList = 83D840A624D3402D00F336E3 /* Build configuration list for PBXNativeTarget "LoggingTests" */;
			buildPhases = (
				B32C922129813CD709B6879E /* [CP] Check Pods Manifest.lock */,
				83D8408B24D3402D00F336E3 /* Sources */,
				83D8408C24D3402D00F336E3 /* Frameworks */,
				83D8408D24D3402D00F336E3 /* Resources */,
			);
			buildRules = (
			);
			dependencies = (
				83D8409124D3402D00F336E3 /* PBXTargetDependency */,
			);
			name = LoggingTests;
			productName = LoggingTests;
			productReference = 83D8408F24D3402D00F336E3 /* LoggingTests.xctest */;
			productType = "com.apple.product-type.bundle.unit-test";
		};
		83D8409924D3402D00F336E3 /* LoggingUITests */ = {
			isa = PBXNativeTarget;
			buildConfigurationList = 83D840A924D3402D00F336E3 /* Build configuration list for PBXNativeTarget "LoggingUITests" */;
			buildPhases = (
				9A829FA5411071F127CC84C5 /* [CP] Check Pods Manifest.lock */,
				83D8409624D3402D00F336E3 /* Sources */,
				83D8409724D3402D00F336E3 /* Frameworks */,
				83D8409824D3402D00F336E3 /* Resources */,
			);
			buildRules = (
			);
			dependencies = (
				83D8409C24D3402D00F336E3 /* PBXTargetDependency */,
			);
			name = LoggingUITests;
			productName = LoggingUITests;
			productReference = 83D8409A24D3402D00F336E3 /* LoggingUITests.xctest */;
			productType = "com.apple.product-type.bundle.ui-testing";
		};
/* End PBXNativeTarget section */

/* Begin PBXProject section */
		83D8406F24D3402A00F336E3 /* Project object */ = {
			isa = PBXProject;
			attributes = {
				LastSwiftUpdateCheck = 1210;
				LastUpgradeCheck = 1220;
				ORGANIZATIONNAME = "Christian Brechbuhl";
				TargetAttributes = {
					83D8407624D3402A00F336E3 = {
						CreatedOnToolsVersion = 11.6;
					};
					83D8408E24D3402D00F336E3 = {
						CreatedOnToolsVersion = 11.6;
						TestTargetID = 83D8407624D3402A00F336E3;
					};
					83D8409924D3402D00F336E3 = {
						CreatedOnToolsVersion = 11.6;
						TestTargetID = 83D8407624D3402A00F336E3;
					};
				};
			};
			buildConfigurationList = 83D8407224D3402A00F336E3 /* Build configuration list for PBXProject "Logging" */;
			compatibilityVersion = "Xcode 9.3";
			developmentRegion = en;
			hasScannedForEncodings = 0;
			knownRegions = (
				en,
				Base,
			);
			mainGroup = 83D8406E24D3402A00F336E3;
			productRefGroup = 83D8407824D3402A00F336E3 /* Products */;
			projectDirPath = "";
			projectRoot = "";
			targets = (
				83D8407624D3402A00F336E3 /* Logging */,
				83D8408E24D3402D00F336E3 /* LoggingTests */,
				83D8409924D3402D00F336E3 /* LoggingUITests */,
			);
		};
/* End PBXProject section */

/* Begin PBXResourcesBuildPhase section */
		83D8407524D3402A00F336E3 /* Resources */ = {
			isa = PBXResourcesBuildPhase;
			buildActionMask = 2147483647;
			files = (
				13F08EA125221F7D00CDAEE4 /* header.png in Resources */,
				7FAB8C7C25434D5800868215 /* Error.storyboard in Resources */,
				13F08EAE252222A800CDAEE4 /* separator line.jpg in Resources */,
				7FEE987C2554588D00971F60 /* DMSans-Regular.ttf in Resources */,
				83D8408924D3402D00F336E3 /* LaunchScreen.storyboard in Resources */,
				131239A82518F98100F3B636 /* afto781.jpg in Resources */,
				7F1EC5612551F0C4006A644D /* DMSans-Medium.ttf in Resources */,
				7F1EC55E2551F0C4006A644D /* DMSans-Bold.ttf in Resources */,
				7FAB8C3E2541F4E800868215 /* Aircrew.storyboard in Resources */,
				131239A32518EFCF00F3B636 /* afto781.pdf in Resources */,
				7F97DFE9253F94E9005B0892 /* Welcome.storyboard in Resources */,
				7F7E0DD22530FC350041C4E9 /* Colors.xcassets in Resources */,
				83D8408624D3402D00F336E3 /* Assets.xcassets in Resources */,
				7FAB8C72254347EF00868215 /* Overview.storyboard in Resources */,
				7F2D11A52549F69A0062AC7A /* SplitTime.storyboard in Resources */,
				83D8408424D3402A00F336E3 /* Form781.storyboard in Resources */,
			);
			runOnlyForDeploymentPostprocessing = 0;
		};
		83D8408D24D3402D00F336E3 /* Resources */ = {
			isa = PBXResourcesBuildPhase;
			buildActionMask = 2147483647;
			files = (
				130D7219255AD7DA0025C589 /* afto781.pdf in Resources */,
				130D71FC255AD7960025C589 /* LaunchScreen.storyboard in Resources */,
				7FAB8C3F2541F4E800868215 /* Aircrew.storyboard in Resources */,
				7F1EC5622551F0C4006A644D /* DMSans-Medium.ttf in Resources */,
				130D7204255AD7A00025C589 /* Form781.storyboard in Resources */,
				7F1EC55F2551F0C4006A644D /* DMSans-Bold.ttf in Resources */,
				7FEE987D2554588D00971F60 /* DMSans-Regular.ttf in Resources */,
				7FAB8C7D25434D5800868215 /* Error.storyboard in Resources */,
				7F97DFEA253F94E9005B0892 /* Welcome.storyboard in Resources */,
				7FAB8C73254347EF00868215 /* Overview.storyboard in Resources */,
				7F2D11A62549F69A0062AC7A /* SplitTime.storyboard in Resources */,
			);
			runOnlyForDeploymentPostprocessing = 0;
		};
		83D8409824D3402D00F336E3 /* Resources */ = {
			isa = PBXResourcesBuildPhase;
			buildActionMask = 2147483647;
			files = (
				130D721D255AD7DB0025C589 /* afto781.pdf in Resources */,
				130D7200255AD7970025C589 /* LaunchScreen.storyboard in Resources */,
				7FAB8C402541F4E800868215 /* Aircrew.storyboard in Resources */,
				7F1EC5632551F0C4006A644D /* DMSans-Medium.ttf in Resources */,
				130D7208255AD7A10025C589 /* Form781.storyboard in Resources */,
				7F1EC5602551F0C4006A644D /* DMSans-Bold.ttf in Resources */,
				7FEE987E2554588D00971F60 /* DMSans-Regular.ttf in Resources */,
				7FAB8C7E25434D5800868215 /* Error.storyboard in Resources */,
				7F97DFEB253F94E9005B0892 /* Welcome.storyboard in Resources */,
				7FAB8C74254347EF00868215 /* Overview.storyboard in Resources */,
				7F2D11A72549F69A0062AC7A /* SplitTime.storyboard in Resources */,
			);
			runOnlyForDeploymentPostprocessing = 0;
		};
/* End PBXResourcesBuildPhase section */

/* Begin PBXShellScriptBuildPhase section */
		13673C822566B63C00733936 /* ShellScript */ = {
			isa = PBXShellScriptBuildPhase;
			buildActionMask = 2147483647;
			files = (
			);
			inputFileListPaths = (
			);
			inputPaths = (
			);
			outputFileListPaths = (
			);
			outputPaths = (
			);
			runOnlyForDeploymentPostprocessing = 0;
			shellPath = /bin/sh;
			shellScript = "# Type a script or drag a script file from your workspace to insert its path.\ngit=`sh /etc/profile; which git`\nbundleVersion=`\"$git\" log --oneline | wc -l`\n/usr/libexec/PlistBuddy -c \"Set :CFBundleVersion $bundleVersion\" \"${TARGET_BUILD_DIR}/${INFOPLIST_PATH}\"    \n";
		};
		3BABCE22232CA017CE915EAA /* [CP] Check Pods Manifest.lock */ = {
			isa = PBXShellScriptBuildPhase;
			buildActionMask = 2147483647;
			files = (
			);
			inputFileListPaths = (
			);
			inputPaths = (
				"${PODS_PODFILE_DIR_PATH}/Podfile.lock",
				"${PODS_ROOT}/Manifest.lock",
			);
			name = "[CP] Check Pods Manifest.lock";
			outputFileListPaths = (
			);
			outputPaths = (
				"$(DERIVED_FILE_DIR)/Pods-Logging-checkManifestLockResult.txt",
			);
			runOnlyForDeploymentPostprocessing = 0;
			shellPath = /bin/sh;
			shellScript = "diff \"${PODS_PODFILE_DIR_PATH}/Podfile.lock\" \"${PODS_ROOT}/Manifest.lock\" > /dev/null\nif [ $? != 0 ] ; then\n    # print error to STDERR\n    echo \"error: The sandbox is not in sync with the Podfile.lock. Run 'pod install' or update your CocoaPods installation.\" >&2\n    exit 1\nfi\n# This output is used by Xcode 'outputs' to avoid re-running this script phase.\necho \"SUCCESS\" > \"${SCRIPT_OUTPUT_FILE_0}\"\n";
			showEnvVarsInLog = 0;
		};
		9A829FA5411071F127CC84C5 /* [CP] Check Pods Manifest.lock */ = {
			isa = PBXShellScriptBuildPhase;
			buildActionMask = 2147483647;
			files = (
			);
			inputFileListPaths = (
			);
			inputPaths = (
				"${PODS_PODFILE_DIR_PATH}/Podfile.lock",
				"${PODS_ROOT}/Manifest.lock",
			);
			name = "[CP] Check Pods Manifest.lock";
			outputFileListPaths = (
			);
			outputPaths = (
				"$(DERIVED_FILE_DIR)/Pods-Logging-LoggingUITests-checkManifestLockResult.txt",
			);
			runOnlyForDeploymentPostprocessing = 0;
			shellPath = /bin/sh;
			shellScript = "diff \"${PODS_PODFILE_DIR_PATH}/Podfile.lock\" \"${PODS_ROOT}/Manifest.lock\" > /dev/null\nif [ $? != 0 ] ; then\n    # print error to STDERR\n    echo \"error: The sandbox is not in sync with the Podfile.lock. Run 'pod install' or update your CocoaPods installation.\" >&2\n    exit 1\nfi\n# This output is used by Xcode 'outputs' to avoid re-running this script phase.\necho \"SUCCESS\" > \"${SCRIPT_OUTPUT_FILE_0}\"\n";
			showEnvVarsInLog = 0;
		};
		B32C922129813CD709B6879E /* [CP] Check Pods Manifest.lock */ = {
			isa = PBXShellScriptBuildPhase;
			buildActionMask = 2147483647;
			files = (
			);
			inputFileListPaths = (
			);
			inputPaths = (
				"${PODS_PODFILE_DIR_PATH}/Podfile.lock",
				"${PODS_ROOT}/Manifest.lock",
			);
			name = "[CP] Check Pods Manifest.lock";
			outputFileListPaths = (
			);
			outputPaths = (
				"$(DERIVED_FILE_DIR)/Pods-LoggingTests-checkManifestLockResult.txt",
			);
			runOnlyForDeploymentPostprocessing = 0;
			shellPath = /bin/sh;
			shellScript = "diff \"${PODS_PODFILE_DIR_PATH}/Podfile.lock\" \"${PODS_ROOT}/Manifest.lock\" > /dev/null\nif [ $? != 0 ] ; then\n    # print error to STDERR\n    echo \"error: The sandbox is not in sync with the Podfile.lock. Run 'pod install' or update your CocoaPods installation.\" >&2\n    exit 1\nfi\n# This output is used by Xcode 'outputs' to avoid re-running this script phase.\necho \"SUCCESS\" > \"${SCRIPT_OUTPUT_FILE_0}\"\n";
			showEnvVarsInLog = 0;
		};
/* End PBXShellScriptBuildPhase section */

/* Begin PBXSourcesBuildPhase section */
		83D8407324D3402A00F336E3 /* Sources */ = {
			isa = PBXSourcesBuildPhase;
			buildActionMask = 2147483647;
			files = (
				138809FE25683876005B93FF /* (null) in Sources */,
				7F7E0E422538BCCC0041C4E9 /* PBLTextField.swift in Sources */,
				7F5453D0254CA22800968BFA /* FlightTimeTableViewCell.swift in Sources */,
				7F680C6B25476A0A00625ECC /* FlightController.swift in Sources */,
				7F680CED2548C46900625ECC /* FlightListViewController.swift in Sources */,
				13C38BF4256858C300E8D919 /* Form781Error.swift in Sources */,
				7FAB8C502541FDA000868215 /* AircrewListViewController.swift in Sources */,
				7F5453D7254CA47300968BFA /* FlightConditionsTableViewCell.swift in Sources */,
				7F2D11942549DDA00062AC7A /* CrewMember.swift in Sources */,
				7FAB8CA4254363F600868215 /* CrewMemberController.swift in Sources */,
				7F574327254C77E700794C57 /* SplitFlightConditionsViewController.swift in Sources */,
				7F0086E82540AC6800564A52 /* SideMenuTableViewController.swift in Sources */,
				7FE48BB8255088D600F26760 /* HelperFunctions.swift in Sources */,
				7F7E0E3D2538B4560041C4E9 /* PBLView.swift in Sources */,
				83D8407B24D3402A00F336E3 /* AppDelegate.swift in Sources */,
				7F680C3E25475E9200625ECC /* Form781.swift in Sources */,
				7F680C4825475F0100625ECC /* Flight.swift in Sources */,
				7F680CE32548C1E000625ECC /* FlightTableViewCell.swift in Sources */,
				7FAB8C492541FD9100868215 /* AircrewViewController.swift in Sources */,
				83D8407D24D3402A00F336E3 /* SceneDelegate.swift in Sources */,
				7FAB8C8D25434E2300868215 /* ErrorViewController.swift in Sources */,
				7FAB8C5E254337F700868215 /* SplitTimeViewController.swift in Sources */,
				7FAB8C5725422E1000868215 /* AircrewTableViewCell.swift in Sources */,
				7F2D11C7254B252E0062AC7A /* SplitFlightTimeViewController.swift in Sources */,
				7F0086EF2540B5FD00564A52 /* ContainerViewController.swift in Sources */,
				7F1EC578255207C5006A644D /* Alerts.swift in Sources */,
				7FAB8C8625434E1400868215 /* OverviewViewController.swift in Sources */,
				7F1EC56B2551F2FA006A644D /* PBLLabel.swift in Sources */,
				7F2D11D1254B2A580062AC7A /* AircrewDetailViewController.swift in Sources */,
				7F7E0DE0253110330041C4E9 /* PBLButton.swift in Sources */,
				7F7E0DDB25310ED80041C4E9 /* StyleGuide.swift in Sources */,
				7F680C3725475C2500625ECC /* Form781Controller.swift in Sources */,
				7F5453E1254CCC8F00968BFA /* MissionViewController.swift in Sources */,
				7F97DFF6253F9A80005B0892 /* WelcomeViewController.swift in Sources */,
			);
			runOnlyForDeploymentPostprocessing = 0;
		};
		83D8408B24D3402D00F336E3 /* Sources */ = {
			isa = PBXSourcesBuildPhase;
			buildActionMask = 2147483647;
			files = (
				83D8409424D3402D00F336E3 /* LoggingTests.swift in Sources */,
				7FAB8C8E25434E2300868215 /* ErrorViewController.swift in Sources */,
				7FAB8C8725434E1400868215 /* OverviewViewController.swift in Sources */,
				7F574328254C77E700794C57 /* SplitFlightConditionsViewController.swift in Sources */,
				7F680C3825475C2500625ECC /* Form781Controller.swift in Sources */,
				4DBFB356256C61FF0017C9B8 /* Form781Error.swift in Sources */,
				7F5453D8254CA47300968BFA /* FlightConditionsTableViewCell.swift in Sources */,
				7F2D11952549DDA00062AC7A /* CrewMember.swift in Sources */,
				7F2D11D2254B2A580062AC7A /* AircrewDetailViewController.swift in Sources */,
				130D71DC255AD7450025C589 /* StyleGuide.swift in Sources */,
				7FAB8C512541FDA000868215 /* AircrewListViewController.swift in Sources */,
				130D71E4255AD74B0025C589 /* PBLView.swift in Sources */,
				7FE48BB9255088D600F26760 /* HelperFunctions.swift in Sources */,
				130D71D4255AD72B0025C589 /* Flight.swift in Sources */,
				7F2D11C8254B252E0062AC7A /* SplitFlightTimeViewController.swift in Sources */,
				7F5453D1254CA22800968BFA /* FlightTimeTableViewCell.swift in Sources */,
				130D7211255AD7D00025C589 /* SceneDelegate.swift in Sources */,
				130D71CC255AD7260025C589 /* Form781.swift in Sources */,
				7F0086E92540AC6800564A52 /* SideMenuTableViewController.swift in Sources */,
				7F0086F02540B5FD00564A52 /* ContainerViewController.swift in Sources */,
				7FAB8C5825422E1000868215 /* AircrewTableViewCell.swift in Sources */,
				130D71EC255AD7560025C589 /* PBLTextField.swift in Sources */,
				7F1EC579255207C5006A644D /* Alerts.swift in Sources */,
				7F680CE42548C1E000625ECC /* FlightTableViewCell.swift in Sources */,
				7F1EC56C2551F2FA006A644D /* PBLLabel.swift in Sources */,
				7FAB8C4A2541FD9100868215 /* AircrewViewController.swift in Sources */,
				7FAB8C5F254337F700868215 /* SplitTimeViewController.swift in Sources */,
				7F5453E2254CCC8F00968BFA /* MissionViewController.swift in Sources */,
				130D71F4255AD75B0025C589 /* PBLButton.swift in Sources */,
				7F680CEE2548C46900625ECC /* FlightListViewController.swift in Sources */,
				7FAB8CA5254363F600868215 /* CrewMemberController.swift in Sources */,
				7F97DFF7253F9A80005B0892 /* WelcomeViewController.swift in Sources */,
				130D7209255AD7C70025C589 /* AppDelegate.swift in Sources */,
				7F680C6C25476A0A00625ECC /* FlightController.swift in Sources */,
			);
			runOnlyForDeploymentPostprocessing = 0;
		};
		83D8409624D3402D00F336E3 /* Sources */ = {
			isa = PBXSourcesBuildPhase;
			buildActionMask = 2147483647;
			files = (
				83D8409F24D3402D00F336E3 /* LoggingUITests.swift in Sources */,
				7FAB8C8F25434E2300868215 /* ErrorViewController.swift in Sources */,
				7FAB8C8825434E1400868215 /* OverviewViewController.swift in Sources */,
				7F574329254C77E700794C57 /* SplitFlightConditionsViewController.swift in Sources */,
				7F680C3925475C2500625ECC /* Form781Controller.swift in Sources */,
				4DBFB35A256C62000017C9B8 /* Form781Error.swift in Sources */,
				7F5453D9254CA47300968BFA /* FlightConditionsTableViewCell.swift in Sources */,
				7F2D11962549DDA00062AC7A /* CrewMember.swift in Sources */,
				7F2D11D3254B2A580062AC7A /* AircrewDetailViewController.swift in Sources */,
				130D71E0255AD7460025C589 /* StyleGuide.swift in Sources */,
				7FAB8C522541FDA000868215 /* AircrewListViewController.swift in Sources */,
				130D71E8255AD74D0025C589 /* PBLView.swift in Sources */,
				7FE48BBA255088D600F26760 /* HelperFunctions.swift in Sources */,
				130D71D8255AD72C0025C589 /* Flight.swift in Sources */,
				7F2D11C9254B252E0062AC7A /* SplitFlightTimeViewController.swift in Sources */,
				7F5453D2254CA22800968BFA /* FlightTimeTableViewCell.swift in Sources */,
				130D7215255AD7D10025C589 /* SceneDelegate.swift in Sources */,
				130D71D0255AD7270025C589 /* Form781.swift in Sources */,
				7F0086EA2540AC6800564A52 /* SideMenuTableViewController.swift in Sources */,
				7F0086F12540B5FD00564A52 /* ContainerViewController.swift in Sources */,
				7FAB8C5925422E1000868215 /* AircrewTableViewCell.swift in Sources */,
				130D71F0255AD7570025C589 /* PBLTextField.swift in Sources */,
				7F1EC57A255207C5006A644D /* Alerts.swift in Sources */,
				7F680CE52548C1E000625ECC /* FlightTableViewCell.swift in Sources */,
				7F1EC56D2551F2FA006A644D /* PBLLabel.swift in Sources */,
				7FAB8C4B2541FD9100868215 /* AircrewViewController.swift in Sources */,
				7FAB8C60254337F700868215 /* SplitTimeViewController.swift in Sources */,
				7F5453E3254CCC8F00968BFA /* MissionViewController.swift in Sources */,
				130D71F8255AD75B0025C589 /* PBLButton.swift in Sources */,
				7F680CEF2548C46900625ECC /* FlightListViewController.swift in Sources */,
				7FAB8CA6254363F600868215 /* CrewMemberController.swift in Sources */,
				7F97DFF8253F9A80005B0892 /* WelcomeViewController.swift in Sources */,
				130D720D255AD7C80025C589 /* AppDelegate.swift in Sources */,
				7F680C6D25476A0A00625ECC /* FlightController.swift in Sources */,
			);
			runOnlyForDeploymentPostprocessing = 0;
		};
/* End PBXSourcesBuildPhase section */

/* Begin PBXTargetDependency section */
		83D8409124D3402D00F336E3 /* PBXTargetDependency */ = {
			isa = PBXTargetDependency;
			target = 83D8407624D3402A00F336E3 /* Logging */;
			targetProxy = 83D8409024D3402D00F336E3 /* PBXContainerItemProxy */;
		};
		83D8409C24D3402D00F336E3 /* PBXTargetDependency */ = {
			isa = PBXTargetDependency;
			target = 83D8407624D3402A00F336E3 /* Logging */;
			targetProxy = 83D8409B24D3402D00F336E3 /* PBXContainerItemProxy */;
		};
/* End PBXTargetDependency section */

/* Begin PBXVariantGroup section */
		83D8408224D3402A00F336E3 /* Form781.storyboard */ = {
			isa = PBXVariantGroup;
			children = (
				83D8408324D3402A00F336E3 /* Base */,
			);
			name = Form781.storyboard;
			sourceTree = "<group>";
		};
		83D8408724D3402D00F336E3 /* LaunchScreen.storyboard */ = {
			isa = PBXVariantGroup;
			children = (
				83D8408824D3402D00F336E3 /* Base */,
			);
			name = LaunchScreen.storyboard;
			sourceTree = "<group>";
		};
/* End PBXVariantGroup section */

/* Begin XCBuildConfiguration section */
		83D840A124D3402D00F336E3 /* Debug */ = {
			isa = XCBuildConfiguration;
			buildSettings = {
				ALWAYS_SEARCH_USER_PATHS = NO;
				CLANG_ANALYZER_NONNULL = YES;
				CLANG_ANALYZER_NUMBER_OBJECT_CONVERSION = YES_AGGRESSIVE;
				CLANG_CXX_LANGUAGE_STANDARD = "gnu++14";
				CLANG_CXX_LIBRARY = "libc++";
				CLANG_ENABLE_MODULES = YES;
				CLANG_ENABLE_OBJC_ARC = YES;
				CLANG_ENABLE_OBJC_WEAK = YES;
				CLANG_WARN_BLOCK_CAPTURE_AUTORELEASING = YES;
				CLANG_WARN_BOOL_CONVERSION = YES;
				CLANG_WARN_COMMA = YES;
				CLANG_WARN_CONSTANT_CONVERSION = YES;
				CLANG_WARN_DEPRECATED_OBJC_IMPLEMENTATIONS = YES;
				CLANG_WARN_DIRECT_OBJC_ISA_USAGE = YES_ERROR;
				CLANG_WARN_DOCUMENTATION_COMMENTS = YES;
				CLANG_WARN_EMPTY_BODY = YES;
				CLANG_WARN_ENUM_CONVERSION = YES;
				CLANG_WARN_INFINITE_RECURSION = YES;
				CLANG_WARN_INT_CONVERSION = YES;
				CLANG_WARN_NON_LITERAL_NULL_CONVERSION = YES;
				CLANG_WARN_OBJC_IMPLICIT_RETAIN_SELF = YES;
				CLANG_WARN_OBJC_LITERAL_CONVERSION = YES;
				CLANG_WARN_OBJC_ROOT_CLASS = YES_ERROR;
				CLANG_WARN_QUOTED_INCLUDE_IN_FRAMEWORK_HEADER = YES;
				CLANG_WARN_RANGE_LOOP_ANALYSIS = YES;
				CLANG_WARN_STRICT_PROTOTYPES = YES;
				CLANG_WARN_SUSPICIOUS_MOVE = YES;
				CLANG_WARN_UNGUARDED_AVAILABILITY = YES_AGGRESSIVE;
				CLANG_WARN_UNREACHABLE_CODE = YES;
				CLANG_WARN__DUPLICATE_METHOD_MATCH = YES;
				COPY_PHASE_STRIP = NO;
				DEBUG_INFORMATION_FORMAT = dwarf;
				ENABLE_STRICT_OBJC_MSGSEND = YES;
				ENABLE_TESTABILITY = YES;
				GCC_C_LANGUAGE_STANDARD = gnu11;
				GCC_DYNAMIC_NO_PIC = NO;
				GCC_NO_COMMON_BLOCKS = YES;
				GCC_OPTIMIZATION_LEVEL = 0;
				GCC_PREPROCESSOR_DEFINITIONS = (
					"DEBUG=1",
					"$(inherited)",
				);
				GCC_WARN_64_TO_32_BIT_CONVERSION = YES;
				GCC_WARN_ABOUT_RETURN_TYPE = YES_ERROR;
				GCC_WARN_UNDECLARED_SELECTOR = YES;
				GCC_WARN_UNINITIALIZED_AUTOS = YES_AGGRESSIVE;
				GCC_WARN_UNUSED_FUNCTION = YES;
				GCC_WARN_UNUSED_VARIABLE = YES;
				IPHONEOS_DEPLOYMENT_TARGET = 13.6;
				MTL_ENABLE_DEBUG_INFO = INCLUDE_SOURCE;
				MTL_FAST_MATH = YES;
				ONLY_ACTIVE_ARCH = YES;
				SDKROOT = iphoneos;
				SWIFT_ACTIVE_COMPILATION_CONDITIONS = DEBUG;
				SWIFT_OPTIMIZATION_LEVEL = "-Onone";
			};
			name = Debug;
		};
		83D840A224D3402D00F336E3 /* Release */ = {
			isa = XCBuildConfiguration;
			buildSettings = {
				ALWAYS_SEARCH_USER_PATHS = NO;
				CLANG_ANALYZER_NONNULL = YES;
				CLANG_ANALYZER_NUMBER_OBJECT_CONVERSION = YES_AGGRESSIVE;
				CLANG_CXX_LANGUAGE_STANDARD = "gnu++14";
				CLANG_CXX_LIBRARY = "libc++";
				CLANG_ENABLE_MODULES = YES;
				CLANG_ENABLE_OBJC_ARC = YES;
				CLANG_ENABLE_OBJC_WEAK = YES;
				CLANG_WARN_BLOCK_CAPTURE_AUTORELEASING = YES;
				CLANG_WARN_BOOL_CONVERSION = YES;
				CLANG_WARN_COMMA = YES;
				CLANG_WARN_CONSTANT_CONVERSION = YES;
				CLANG_WARN_DEPRECATED_OBJC_IMPLEMENTATIONS = YES;
				CLANG_WARN_DIRECT_OBJC_ISA_USAGE = YES_ERROR;
				CLANG_WARN_DOCUMENTATION_COMMENTS = YES;
				CLANG_WARN_EMPTY_BODY = YES;
				CLANG_WARN_ENUM_CONVERSION = YES;
				CLANG_WARN_INFINITE_RECURSION = YES;
				CLANG_WARN_INT_CONVERSION = YES;
				CLANG_WARN_NON_LITERAL_NULL_CONVERSION = YES;
				CLANG_WARN_OBJC_IMPLICIT_RETAIN_SELF = YES;
				CLANG_WARN_OBJC_LITERAL_CONVERSION = YES;
				CLANG_WARN_OBJC_ROOT_CLASS = YES_ERROR;
				CLANG_WARN_QUOTED_INCLUDE_IN_FRAMEWORK_HEADER = YES;
				CLANG_WARN_RANGE_LOOP_ANALYSIS = YES;
				CLANG_WARN_STRICT_PROTOTYPES = YES;
				CLANG_WARN_SUSPICIOUS_MOVE = YES;
				CLANG_WARN_UNGUARDED_AVAILABILITY = YES_AGGRESSIVE;
				CLANG_WARN_UNREACHABLE_CODE = YES;
				CLANG_WARN__DUPLICATE_METHOD_MATCH = YES;
				COPY_PHASE_STRIP = NO;
				DEBUG_INFORMATION_FORMAT = "dwarf-with-dsym";
				ENABLE_NS_ASSERTIONS = NO;
				ENABLE_STRICT_OBJC_MSGSEND = YES;
				GCC_C_LANGUAGE_STANDARD = gnu11;
				GCC_NO_COMMON_BLOCKS = YES;
				GCC_WARN_64_TO_32_BIT_CONVERSION = YES;
				GCC_WARN_ABOUT_RETURN_TYPE = YES_ERROR;
				GCC_WARN_UNDECLARED_SELECTOR = YES;
				GCC_WARN_UNINITIALIZED_AUTOS = YES_AGGRESSIVE;
				GCC_WARN_UNUSED_FUNCTION = YES;
				GCC_WARN_UNUSED_VARIABLE = YES;
				IPHONEOS_DEPLOYMENT_TARGET = 13.6;
				MTL_ENABLE_DEBUG_INFO = NO;
				MTL_FAST_MATH = YES;
				SDKROOT = iphoneos;
				SWIFT_COMPILATION_MODE = wholemodule;
				SWIFT_OPTIMIZATION_LEVEL = "-O";
				VALIDATE_PRODUCT = YES;
			};
			name = Release;
		};
		83D840A424D3402D00F336E3 /* Debug */ = {
			isa = XCBuildConfiguration;
			baseConfigurationReference = 13965D85DFCED656F8ABF8B0 /* Pods-Logging.debug.xcconfig */;
			buildSettings = {
				ASSETCATALOG_COMPILER_APPICON_NAME = AppIcon;
				CODE_SIGN_IDENTITY = "Apple Development";
				CODE_SIGN_STYLE = Automatic;
				CURRENT_PROJECT_VERSION = 13;
				DEVELOPMENT_TEAM = RQ9T47YT3S;
				INFOPLIST_FILE = Logging/Resources/Info.plist;
				LD_RUNPATH_SEARCH_PATHS = (
					"$(inherited)",
					"@executable_path/Frameworks",
				);
				MARKETING_VERSION = 0.1.1;
				PRODUCT_BUNDLE_IDENTIFIER = mil.airmencoders.logging;
				PRODUCT_NAME = "$(TARGET_NAME)";
				PROVISIONING_PROFILE_SPECIFIER = "";
				SWIFT_VERSION = 5.0;
				TARGETED_DEVICE_FAMILY = 2;
				VERSIONING_SYSTEM = "apple-generic";
			};
			name = Debug;
		};
		83D840A524D3402D00F336E3 /* Release */ = {
			isa = XCBuildConfiguration;
			baseConfigurationReference = 261E04EA491F9077DD955A76 /* Pods-Logging.release.xcconfig */;
			buildSettings = {
				ASSETCATALOG_COMPILER_APPICON_NAME = AppIcon;
				CODE_SIGN_IDENTITY = "iPhone Distribution";
				CODE_SIGN_STYLE = Manual;
				CURRENT_PROJECT_VERSION = 13;
				DEVELOPMENT_TEAM = RQ9T47YT3S;
				INFOPLIST_FILE = Logging/Resources/Info.plist;
				LD_RUNPATH_SEARCH_PATHS = (
					"$(inherited)",
					"@executable_path/Frameworks",
				);
				MARKETING_VERSION = 0.1.1;
				PRODUCT_BUNDLE_IDENTIFIER = mil.airmencoders.logging;
				PRODUCT_NAME = "$(TARGET_NAME)";
				PROVISIONING_PROFILE_SPECIFIER = "GitHub Actions PBL";
				SWIFT_VERSION = 5.0;
				TARGETED_DEVICE_FAMILY = 2;
				VERSIONING_SYSTEM = "apple-generic";
			};
			name = Release;
		};
		83D840A724D3402D00F336E3 /* Debug */ = {
			isa = XCBuildConfiguration;
			baseConfigurationReference = 6FEF2540CD77AC4D9725058A /* Pods-LoggingTests.debug.xcconfig */;
			buildSettings = {
				ALWAYS_EMBED_SWIFT_STANDARD_LIBRARIES = YES;
				BUNDLE_LOADER = "$(TEST_HOST)";
				CODE_SIGN_STYLE = Automatic;
				DEVELOPMENT_TEAM = RQ9T47YT3S;
				INFOPLIST_FILE = LoggingTests/Info.plist;
				IPHONEOS_DEPLOYMENT_TARGET = 13.6;
				LD_RUNPATH_SEARCH_PATHS = (
					"$(inherited)",
					"@executable_path/Frameworks",
					"@loader_path/Frameworks",
				);
				PRODUCT_BUNDLE_IDENTIFIER = mil.airmencoders.LoggingTests;
				PRODUCT_NAME = "$(TARGET_NAME)";
				SWIFT_VERSION = 5.0;
				TARGETED_DEVICE_FAMILY = "1,2";
				TEST_HOST = "$(BUILT_PRODUCTS_DIR)/Logging.app/Logging";
			};
			name = Debug;
		};
		83D840A824D3402D00F336E3 /* Release */ = {
			isa = XCBuildConfiguration;
			baseConfigurationReference = ED9788E1C9AF89B0FDD4ABF4 /* Pods-LoggingTests.release.xcconfig */;
			buildSettings = {
				ALWAYS_EMBED_SWIFT_STANDARD_LIBRARIES = YES;
				BUNDLE_LOADER = "$(TEST_HOST)";
				CODE_SIGN_STYLE = Automatic;
				DEVELOPMENT_TEAM = RQ9T47YT3S;
				INFOPLIST_FILE = LoggingTests/Info.plist;
				IPHONEOS_DEPLOYMENT_TARGET = 13.6;
				LD_RUNPATH_SEARCH_PATHS = (
					"$(inherited)",
					"@executable_path/Frameworks",
					"@loader_path/Frameworks",
				);
				PRODUCT_BUNDLE_IDENTIFIER = mil.airmencoders.LoggingTests;
				PRODUCT_NAME = "$(TARGET_NAME)";
				SWIFT_VERSION = 5.0;
				TARGETED_DEVICE_FAMILY = "1,2";
				TEST_HOST = "$(BUILT_PRODUCTS_DIR)/Logging.app/Logging";
			};
			name = Release;
		};
		83D840AA24D3402D00F336E3 /* Debug */ = {
			isa = XCBuildConfiguration;
			baseConfigurationReference = 429BDF4BA793A82002D5F5B1 /* Pods-Logging-LoggingUITests.debug.xcconfig */;
			buildSettings = {
				ALWAYS_EMBED_SWIFT_STANDARD_LIBRARIES = YES;
				CODE_SIGN_STYLE = Automatic;
				DEVELOPMENT_TEAM = RQ9T47YT3S;
				INFOPLIST_FILE = LoggingUITests/Info.plist;
				LD_RUNPATH_SEARCH_PATHS = (
					"$(inherited)",
					"@executable_path/Frameworks",
					"@loader_path/Frameworks",
				);
				PRODUCT_BUNDLE_IDENTIFIER = mil.airmencoders.LoggingUITests;
				PRODUCT_NAME = "$(TARGET_NAME)";
				SWIFT_VERSION = 5.0;
				TARGETED_DEVICE_FAMILY = "1,2";
				TEST_TARGET_NAME = Logging;
			};
			name = Debug;
		};
		83D840AB24D3402D00F336E3 /* Release */ = {
			isa = XCBuildConfiguration;
			baseConfigurationReference = 56785B42F81CEB0155B65640 /* Pods-Logging-LoggingUITests.release.xcconfig */;
			buildSettings = {
				ALWAYS_EMBED_SWIFT_STANDARD_LIBRARIES = YES;
				CODE_SIGN_STYLE = Automatic;
				DEVELOPMENT_TEAM = RQ9T47YT3S;
				INFOPLIST_FILE = LoggingUITests/Info.plist;
				LD_RUNPATH_SEARCH_PATHS = (
					"$(inherited)",
					"@executable_path/Frameworks",
					"@loader_path/Frameworks",
				);
				PRODUCT_BUNDLE_IDENTIFIER = mil.airmencoders.LoggingUITests;
				PRODUCT_NAME = "$(TARGET_NAME)";
				SWIFT_VERSION = 5.0;
				TARGETED_DEVICE_FAMILY = "1,2";
				TEST_TARGET_NAME = Logging;
			};
			name = Release;
		};
/* End XCBuildConfiguration section */

/* Begin XCConfigurationList section */
		83D8407224D3402A00F336E3 /* Build configuration list for PBXProject "Logging" */ = {
			isa = XCConfigurationList;
			buildConfigurations = (
				83D840A124D3402D00F336E3 /* Debug */,
				83D840A224D3402D00F336E3 /* Release */,
			);
			defaultConfigurationIsVisible = 0;
			defaultConfigurationName = Release;
		};
		83D840A324D3402D00F336E3 /* Build configuration list for PBXNativeTarget "Logging" */ = {
			isa = XCConfigurationList;
			buildConfigurations = (
				83D840A424D3402D00F336E3 /* Debug */,
				83D840A524D3402D00F336E3 /* Release */,
			);
			defaultConfigurationIsVisible = 0;
			defaultConfigurationName = Release;
		};
		83D840A624D3402D00F336E3 /* Build configuration list for PBXNativeTarget "LoggingTests" */ = {
			isa = XCConfigurationList;
			buildConfigurations = (
				83D840A724D3402D00F336E3 /* Debug */,
				83D840A824D3402D00F336E3 /* Release */,
			);
			defaultConfigurationIsVisible = 0;
			defaultConfigurationName = Release;
		};
		83D840A924D3402D00F336E3 /* Build configuration list for PBXNativeTarget "LoggingUITests" */ = {
			isa = XCConfigurationList;
			buildConfigurations = (
				83D840AA24D3402D00F336E3 /* Debug */,
				83D840AB24D3402D00F336E3 /* Release */,
			);
			defaultConfigurationIsVisible = 0;
			defaultConfigurationName = Release;
		};
/* End XCConfigurationList section */
	};
	rootObject = 83D8406F24D3402A00F336E3 /* Project object */;
}
