// !$*UTF8*$!
{
	archiveVersion = 1;
	classes = {
	};
	objectVersion = 50;
	objects = {

/* Begin PBXBuildFile section */
		131239A32518EFCF00F3B636 /* afto781.pdf in Resources */ = {isa = PBXBuildFile; fileRef = 131239A22518EFCF00F3B636 /* afto781.pdf */; };
		131239A82518F98100F3B636 /* afto781.jpg in Resources */ = {isa = PBXBuildFile; fileRef = 131239A72518F98000F3B636 /* afto781.jpg */; };
		136F3A21251D0D3900E72AAE /* PageViewController.swift in Sources */ = {isa = PBXBuildFile; fileRef = 136F3A20251D0D3900E72AAE /* PageViewController.swift */; };
		13A9900F252788C9008D7374 /* FlightDataModel.swift in Sources */ = {isa = PBXBuildFile; fileRef = 13A9900E252788C9008D7374 /* FlightDataModel.swift */; };
		13A990142527C4F2008D7374 /* FirstVCViewModel.swift in Sources */ = {isa = PBXBuildFile; fileRef = 13A990132527C4F2008D7374 /* FirstVCViewModel.swift */; };
		13A9901E252CDE02008D7374 /* Writable.swift in Sources */ = {isa = PBXBuildFile; fileRef = 13A9901D252CDE02008D7374 /* Writable.swift */; };
		13F08EA125221F7D00CDAEE4 /* header.png in Resources */ = {isa = PBXBuildFile; fileRef = 13F08EA025221F7D00CDAEE4 /* header.png */; };
		13F08EAE252222A800CDAEE4 /* separator line.jpg in Resources */ = {isa = PBXBuildFile; fileRef = 13F08EAD252222A800CDAEE4 /* separator line.jpg */; };
		7C3790BDC466879F81B1B28B /* Pods_Logging.framework in Frameworks */ = {isa = PBXBuildFile; fileRef = 2E2B17BC9BB310463EA2A32E /* Pods_Logging.framework */; };
		83D8407B24D3402A00F336E3 /* AppDelegate.swift in Sources */ = {isa = PBXBuildFile; fileRef = 83D8407A24D3402A00F336E3 /* AppDelegate.swift */; };
		83D8407D24D3402A00F336E3 /* SceneDelegate.swift in Sources */ = {isa = PBXBuildFile; fileRef = 83D8407C24D3402A00F336E3 /* SceneDelegate.swift */; };
		83D8407F24D3402A00F336E3 /* FirstViewController.swift in Sources */ = {isa = PBXBuildFile; fileRef = 83D8407E24D3402A00F336E3 /* FirstViewController.swift */; };
		83D8408124D3402A00F336E3 /* SecondViewController.swift in Sources */ = {isa = PBXBuildFile; fileRef = 83D8408024D3402A00F336E3 /* SecondViewController.swift */; };
		83D8408424D3402A00F336E3 /* Main.storyboard in Resources */ = {isa = PBXBuildFile; fileRef = 83D8408224D3402A00F336E3 /* Main.storyboard */; };
		83D8408624D3402D00F336E3 /* Assets.xcassets in Resources */ = {isa = PBXBuildFile; fileRef = 83D8408524D3402D00F336E3 /* Assets.xcassets */; };
		83D8408924D3402D00F336E3 /* LaunchScreen.storyboard in Resources */ = {isa = PBXBuildFile; fileRef = 83D8408724D3402D00F336E3 /* LaunchScreen.storyboard */; };
		83D8409424D3402D00F336E3 /* LoggingTests.swift in Sources */ = {isa = PBXBuildFile; fileRef = 83D8409324D3402D00F336E3 /* LoggingTests.swift */; };
		83D8409F24D3402D00F336E3 /* LoggingUITests.swift in Sources */ = {isa = PBXBuildFile; fileRef = 83D8409E24D3402D00F336E3 /* LoggingUITests.swift */; };
		A9D320D7193904F747E1FF90 /* Pods_Logging_LoggingUITests.framework in Frameworks */ = {isa = PBXBuildFile; fileRef = 7192C4E0628E4E7D0C02BFBC /* Pods_Logging_LoggingUITests.framework */; };
		FC99B2719A65D5512B76F5AC /* Pods_LoggingTests.framework in Frameworks */ = {isa = PBXBuildFile; fileRef = 47FE006718C4942F5FE50BB0 /* Pods_LoggingTests.framework */; };
/* End PBXBuildFile section */

/* Begin PBXContainerItemProxy section */
		83D8409024D3402D00F336E3 /* PBXContainerItemProxy */ = {
			isa = PBXContainerItemProxy;
			containerPortal = 83D8406F24D3402A00F336E3 /* Project object */;
			proxyType = 1;
			remoteGlobalIDString = 83D8407624D3402A00F336E3;
			remoteInfo = Logging;
		};
		83D8409B24D3402D00F336E3 /* PBXContainerItemProxy */ = {
			isa = PBXContainerItemProxy;
			containerPortal = 83D8406F24D3402A00F336E3 /* Project object */;
			proxyType = 1;
			remoteGlobalIDString = 83D8407624D3402A00F336E3;
			remoteInfo = Logging;
		};
/* End PBXContainerItemProxy section */

/* Begin PBXFileReference section */
		131239A22518EFCF00F3B636 /* afto781.pdf */ = {isa = PBXFileReference; lastKnownFileType = image.pdf; path = afto781.pdf; sourceTree = "<group>"; };
		131239A72518F98000F3B636 /* afto781.jpg */ = {isa = PBXFileReference; lastKnownFileType = image.jpeg; path = afto781.jpg; sourceTree = "<group>"; };
		136F3A20251D0D3900E72AAE /* PageViewController.swift */ = {isa = PBXFileReference; lastKnownFileType = sourcecode.swift; path = PageViewController.swift; sourceTree = "<group>"; };
		13965D85DFCED656F8ABF8B0 /* Pods-Logging.debug.xcconfig */ = {isa = PBXFileReference; includeInIndex = 1; lastKnownFileType = text.xcconfig; name = "Pods-Logging.debug.xcconfig"; path = "Target Support Files/Pods-Logging/Pods-Logging.debug.xcconfig"; sourceTree = "<group>"; };
		13A9900E252788C9008D7374 /* FlightDataModel.swift */ = {isa = PBXFileReference; lastKnownFileType = sourcecode.swift; path = FlightDataModel.swift; sourceTree = "<group>"; };
		13A990132527C4F2008D7374 /* FirstVCViewModel.swift */ = {isa = PBXFileReference; lastKnownFileType = sourcecode.swift; path = FirstVCViewModel.swift; sourceTree = "<group>"; };
		13A9901D252CDE02008D7374 /* Writable.swift */ = {isa = PBXFileReference; lastKnownFileType = sourcecode.swift; path = Writable.swift; sourceTree = "<group>"; };
		13F08EA025221F7D00CDAEE4 /* header.png */ = {isa = PBXFileReference; lastKnownFileType = image.png; path = header.png; sourceTree = "<group>"; };
		13F08EAD252222A800CDAEE4 /* separator line.jpg */ = {isa = PBXFileReference; lastKnownFileType = image.jpeg; path = "separator line.jpg"; sourceTree = "<group>"; };
		261E04EA491F9077DD955A76 /* Pods-Logging.release.xcconfig */ = {isa = PBXFileReference; includeInIndex = 1; lastKnownFileType = text.xcconfig; name = "Pods-Logging.release.xcconfig"; path = "Target Support Files/Pods-Logging/Pods-Logging.release.xcconfig"; sourceTree = "<group>"; };
		2E2B17BC9BB310463EA2A32E /* Pods_Logging.framework */ = {isa = PBXFileReference; explicitFileType = wrapper.framework; includeInIndex = 0; path = Pods_Logging.framework; sourceTree = BUILT_PRODUCTS_DIR; };
		429BDF4BA793A82002D5F5B1 /* Pods-Logging-LoggingUITests.debug.xcconfig */ = {isa = PBXFileReference; includeInIndex = 1; lastKnownFileType = text.xcconfig; name = "Pods-Logging-LoggingUITests.debug.xcconfig"; path = "Target Support Files/Pods-Logging-LoggingUITests/Pods-Logging-LoggingUITests.debug.xcconfig"; sourceTree = "<group>"; };
		47FE006718C4942F5FE50BB0 /* Pods_LoggingTests.framework */ = {isa = PBXFileReference; explicitFileType = wrapper.framework; includeInIndex = 0; path = Pods_LoggingTests.framework; sourceTree = BUILT_PRODUCTS_DIR; };
		56785B42F81CEB0155B65640 /* Pods-Logging-LoggingUITests.release.xcconfig */ = {isa = PBXFileReference; includeInIndex = 1; lastKnownFileType = text.xcconfig; name = "Pods-Logging-LoggingUITests.release.xcconfig"; path = "Target Support Files/Pods-Logging-LoggingUITests/Pods-Logging-LoggingUITests.release.xcconfig"; sourceTree = "<group>"; };
		6FEF2540CD77AC4D9725058A /* Pods-LoggingTests.debug.xcconfig */ = {isa = PBXFileReference; includeInIndex = 1; lastKnownFileType = text.xcconfig; name = "Pods-LoggingTests.debug.xcconfig"; path = "Target Support Files/Pods-LoggingTests/Pods-LoggingTests.debug.xcconfig"; sourceTree = "<group>"; };
		7192C4E0628E4E7D0C02BFBC /* Pods_Logging_LoggingUITests.framework */ = {isa = PBXFileReference; explicitFileType = wrapper.framework; includeInIndex = 0; path = Pods_Logging_LoggingUITests.framework; sourceTree = BUILT_PRODUCTS_DIR; };
		83D8407724D3402A00F336E3 /* Logging.app */ = {isa = PBXFileReference; explicitFileType = wrapper.application; includeInIndex = 0; path = Logging.app; sourceTree = BUILT_PRODUCTS_DIR; };
		83D8407A24D3402A00F336E3 /* AppDelegate.swift */ = {isa = PBXFileReference; lastKnownFileType = sourcecode.swift; path = AppDelegate.swift; sourceTree = "<group>"; };
		83D8407C24D3402A00F336E3 /* SceneDelegate.swift */ = {isa = PBXFileReference; lastKnownFileType = sourcecode.swift; path = SceneDelegate.swift; sourceTree = "<group>"; };
		83D8407E24D3402A00F336E3 /* FirstViewController.swift */ = {isa = PBXFileReference; lastKnownFileType = sourcecode.swift; path = FirstViewController.swift; sourceTree = "<group>"; };
		83D8408024D3402A00F336E3 /* SecondViewController.swift */ = {isa = PBXFileReference; lastKnownFileType = sourcecode.swift; path = SecondViewController.swift; sourceTree = "<group>"; };
		83D8408324D3402A00F336E3 /* Base */ = {isa = PBXFileReference; lastKnownFileType = file.storyboard; name = Base; path = Base.lproj/Main.storyboard; sourceTree = "<group>"; };
		83D8408524D3402D00F336E3 /* Assets.xcassets */ = {isa = PBXFileReference; lastKnownFileType = folder.assetcatalog; path = Assets.xcassets; sourceTree = "<group>"; };
		83D8408824D3402D00F336E3 /* Base */ = {isa = PBXFileReference; lastKnownFileType = file.storyboard; name = Base; path = Base.lproj/LaunchScreen.storyboard; sourceTree = "<group>"; };
		83D8408A24D3402D00F336E3 /* Info.plist */ = {isa = PBXFileReference; lastKnownFileType = text.plist.xml; path = Info.plist; sourceTree = "<group>"; };
		83D8408F24D3402D00F336E3 /* LoggingTests.xctest */ = {isa = PBXFileReference; explicitFileType = wrapper.cfbundle; includeInIndex = 0; path = LoggingTests.xctest; sourceTree = BUILT_PRODUCTS_DIR; };
		83D8409324D3402D00F336E3 /* LoggingTests.swift */ = {isa = PBXFileReference; lastKnownFileType = sourcecode.swift; path = LoggingTests.swift; sourceTree = "<group>"; };
		83D8409524D3402D00F336E3 /* Info.plist */ = {isa = PBXFileReference; lastKnownFileType = text.plist.xml; path = Info.plist; sourceTree = "<group>"; };
		83D8409A24D3402D00F336E3 /* LoggingUITests.xctest */ = {isa = PBXFileReference; explicitFileType = wrapper.cfbundle; includeInIndex = 0; path = LoggingUITests.xctest; sourceTree = BUILT_PRODUCTS_DIR; };
		83D8409E24D3402D00F336E3 /* LoggingUITests.swift */ = {isa = PBXFileReference; lastKnownFileType = sourcecode.swift; path = LoggingUITests.swift; sourceTree = "<group>"; };
		83D840A024D3402D00F336E3 /* Info.plist */ = {isa = PBXFileReference; lastKnownFileType = text.plist.xml; path = Info.plist; sourceTree = "<group>"; };
		ED9788E1C9AF89B0FDD4ABF4 /* Pods-LoggingTests.release.xcconfig */ = {isa = PBXFileReference; includeInIndex = 1; lastKnownFileType = text.xcconfig; name = "Pods-LoggingTests.release.xcconfig"; path = "Target Support Files/Pods-LoggingTests/Pods-LoggingTests.release.xcconfig"; sourceTree = "<group>"; };
/* End PBXFileReference section */

/* Begin PBXFrameworksBuildPhase section */
		83D8407424D3402A00F336E3 /* Frameworks */ = {
			isa = PBXFrameworksBuildPhase;
			buildActionMask = 2147483647;
			files = (
				7C3790BDC466879F81B1B28B /* Pods_Logging.framework in Frameworks */,
			);
			runOnlyForDeploymentPostprocessing = 0;
		};
		83D8408C24D3402D00F336E3 /* Frameworks */ = {
			isa = PBXFrameworksBuildPhase;
			buildActionMask = 2147483647;
			files = (
				FC99B2719A65D5512B76F5AC /* Pods_LoggingTests.framework in Frameworks */,
			);
			runOnlyForDeploymentPostprocessing = 0;
		};
		83D8409724D3402D00F336E3 /* Frameworks */ = {
			isa = PBXFrameworksBuildPhase;
			buildActionMask = 2147483647;
			files = (
				A9D320D7193904F747E1FF90 /* Pods_Logging_LoggingUITests.framework in Frameworks */,
			);
			runOnlyForDeploymentPostprocessing = 0;
		};
/* End PBXFrameworksBuildPhase section */

/* Begin PBXGroup section */
		131239AC2518FA7400F3B636 /* res */ = {
			isa = PBXGroup;
			children = (
				13F08EAD252222A800CDAEE4 /* separator line.jpg */,
				13F08EA025221F7D00CDAEE4 /* header.png */,
				131239A72518F98000F3B636 /* afto781.jpg */,
			);
			path = res;
			sourceTree = "<group>";
		};
		21BF12A5A9F2C2E0D672C5F7 /* Frameworks */ = {
			isa = PBXGroup;
			children = (
				2E2B17BC9BB310463EA2A32E /* Pods_Logging.framework */,
				7192C4E0628E4E7D0C02BFBC /* Pods_Logging_LoggingUITests.framework */,
				47FE006718C4942F5FE50BB0 /* Pods_LoggingTests.framework */,
			);
			name = Frameworks;
			sourceTree = "<group>";
		};
		7F83BBAB252F6E8800D13482 /* Models */ = {
			isa = PBXGroup;
			children = (
				13A9901D252CDE02008D7374 /* Writable.swift */,
				13A9900E252788C9008D7374 /* FlightDataModel.swift */,
				13A990132527C4F2008D7374 /* FirstVCViewModel.swift */,
			);
			path = Models;
			sourceTree = "<group>";
		};
		7F83BBAC252F6E9100D13482 /* Controllers */ = {
			isa = PBXGroup;
			children = (
				7F83BBAE252F6F3200D13482 /* Model Controllers */,
				7F83BBAF252F6F3C00D13482 /* View Controllers */,
			);
			path = Controllers;
			sourceTree = "<group>";
		};
		7F83BBAD252F6EA000D13482 /* Views */ = {
			isa = PBXGroup;
			children = (
				83D8408224D3402A00F336E3 /* Main.storyboard */,
				83D8408724D3402D00F336E3 /* LaunchScreen.storyboard */,
			);
			path = Views;
			sourceTree = "<group>";
		};
		7F83BBAE252F6F3200D13482 /* Model Controllers */ = {
			isa = PBXGroup;
			children = (
			);
			path = "Model Controllers";
			sourceTree = "<group>";
		};
		7F83BBAF252F6F3C00D13482 /* View Controllers */ = {
			isa = PBXGroup;
			children = (
				83D8407E24D3402A00F336E3 /* FirstViewController.swift */,
				83D8408024D3402A00F336E3 /* SecondViewController.swift */,
				136F3A20251D0D3900E72AAE /* PageViewController.swift */,
			);
			path = "View Controllers";
			sourceTree = "<group>";
		};
		7F83BBB3252F6F8700D13482 /* Resources */ = {
			isa = PBXGroup;
			children = (
				83D8407A24D3402A00F336E3 /* AppDelegate.swift */,
				83D8407C24D3402A00F336E3 /* SceneDelegate.swift */,
				83D8408524D3402D00F336E3 /* Assets.xcassets */,
				83D8408A24D3402D00F336E3 /* Info.plist */,
			);
			path = Resources;
			sourceTree = "<group>";
		};
		83D8406E24D3402A00F336E3 = {
			isa = PBXGroup;
			children = (
				83D8407924D3402A00F336E3 /* Logging */,
				83D8409224D3402D00F336E3 /* LoggingTests */,
				83D8409D24D3402D00F336E3 /* LoggingUITests */,
				83D8407824D3402A00F336E3 /* Products */,
				AC2BC68D45133CCDF12A05CE /* Pods */,
				21BF12A5A9F2C2E0D672C5F7 /* Frameworks */,
			);
			sourceTree = "<group>";
		};
		83D8407824D3402A00F336E3 /* Products */ = {
			isa = PBXGroup;
			children = (
				83D8407724D3402A00F336E3 /* Logging.app */,
				83D8408F24D3402D00F336E3 /* LoggingTests.xctest */,
				83D8409A24D3402D00F336E3 /* LoggingUITests.xctest */,
			);
			name = Products;
			sourceTree = "<group>";
		};
		83D8407924D3402A00F336E3 /* Logging */ = {
			isa = PBXGroup;
			children = (
				7F83BBAB252F6E8800D13482 /* Models */,
				7F83BBAC252F6E9100D13482 /* Controllers */,
				7F83BBAD252F6EA000D13482 /* Views */,
				7F83BBB3252F6F8700D13482 /* Resources */,
				131239A22518EFCF00F3B636 /* afto781.pdf */,
				131239AC2518FA7400F3B636 /* res */,
			);
			path = Logging;
			sourceTree = "<group>";
		};
		83D8409224D3402D00F336E3 /* LoggingTests */ = {
			isa = PBXGroup;
			children = (
				83D8409324D3402D00F336E3 /* LoggingTests.swift */,
				83D8409524D3402D00F336E3 /* Info.plist */,
			);
			path = LoggingTests;
			sourceTree = "<group>";
		};
		83D8409D24D3402D00F336E3 /* LoggingUITests */ = {
			isa = PBXGroup;
			children = (
				83D8409E24D3402D00F336E3 /* LoggingUITests.swift */,
				83D840A024D3402D00F336E3 /* Info.plist */,
			);
			path = LoggingUITests;
			sourceTree = "<group>";
		};
		AC2BC68D45133CCDF12A05CE /* Pods */ = {
			isa = PBXGroup;
			children = (
				13965D85DFCED656F8ABF8B0 /* Pods-Logging.debug.xcconfig */,
				261E04EA491F9077DD955A76 /* Pods-Logging.release.xcconfig */,
				429BDF4BA793A82002D5F5B1 /* Pods-Logging-LoggingUITests.debug.xcconfig */,
				56785B42F81CEB0155B65640 /* Pods-Logging-LoggingUITests.release.xcconfig */,
				6FEF2540CD77AC4D9725058A /* Pods-LoggingTests.debug.xcconfig */,
				ED9788E1C9AF89B0FDD4ABF4 /* Pods-LoggingTests.release.xcconfig */,
			);
			path = Pods;
			sourceTree = "<group>";
		};
/* End PBXGroup section */

/* Begin PBXNativeTarget section */
		83D8407624D3402A00F336E3 /* Logging */ = {
			isa = PBXNativeTarget;
			buildConfigurationList = 83D840A324D3402D00F336E3 /* Build configuration list for PBXNativeTarget "Logging" */;
			buildPhases = (
				3BABCE22232CA017CE915EAA /* [CP] Check Pods Manifest.lock */,
				83D8407324D3402A00F336E3 /* Sources */,
				83D8407424D3402A00F336E3 /* Frameworks */,
				83D8407524D3402A00F336E3 /* Resources */,
			);
			buildRules = (
			);
			dependencies = (
			);
			name = Logging;
			productName = Logging;
			productReference = 83D8407724D3402A00F336E3 /* Logging.app */;
			productType = "com.apple.product-type.application";
		};
		83D8408E24D3402D00F336E3 /* LoggingTests */ = {
			isa = PBXNativeTarget;
			buildConfigurationList = 83D840A624D3402D00F336E3 /* Build configuration list for PBXNativeTarget "LoggingTests" */;
			buildPhases = (
				B32C922129813CD709B6879E /* [CP] Check Pods Manifest.lock */,
				83D8408B24D3402D00F336E3 /* Sources */,
				83D8408C24D3402D00F336E3 /* Frameworks */,
				83D8408D24D3402D00F336E3 /* Resources */,
			);
			buildRules = (
			);
			dependencies = (
				83D8409124D3402D00F336E3 /* PBXTargetDependency */,
			);
			name = LoggingTests;
			productName = LoggingTests;
			productReference = 83D8408F24D3402D00F336E3 /* LoggingTests.xctest */;
			productType = "com.apple.product-type.bundle.unit-test";
		};
		83D8409924D3402D00F336E3 /* LoggingUITests */ = {
			isa = PBXNativeTarget;
			buildConfigurationList = 83D840A924D3402D00F336E3 /* Build configuration list for PBXNativeTarget "LoggingUITests" */;
			buildPhases = (
				9A829FA5411071F127CC84C5 /* [CP] Check Pods Manifest.lock */,
				83D8409624D3402D00F336E3 /* Sources */,
				83D8409724D3402D00F336E3 /* Frameworks */,
				83D8409824D3402D00F336E3 /* Resources */,
			);
			buildRules = (
			);
			dependencies = (
				83D8409C24D3402D00F336E3 /* PBXTargetDependency */,
			);
			name = LoggingUITests;
			productName = LoggingUITests;
			productReference = 83D8409A24D3402D00F336E3 /* LoggingUITests.xctest */;
			productType = "com.apple.product-type.bundle.ui-testing";
		};
/* End PBXNativeTarget section */

/* Begin PBXProject section */
		83D8406F24D3402A00F336E3 /* Project object */ = {
			isa = PBXProject;
			attributes = {
				LastSwiftUpdateCheck = 1160;
				LastUpgradeCheck = 1200;
				ORGANIZATIONNAME = "Christian Brechbuhl";
				TargetAttributes = {
					83D8407624D3402A00F336E3 = {
						CreatedOnToolsVersion = 11.6;
					};
					83D8408E24D3402D00F336E3 = {
						CreatedOnToolsVersion = 11.6;
						TestTargetID = 83D8407624D3402A00F336E3;
					};
					83D8409924D3402D00F336E3 = {
						CreatedOnToolsVersion = 11.6;
						TestTargetID = 83D8407624D3402A00F336E3;
					};
				};
			};
			buildConfigurationList = 83D8407224D3402A00F336E3 /* Build configuration list for PBXProject "Logging" */;
			compatibilityVersion = "Xcode 9.3";
			developmentRegion = en;
			hasScannedForEncodings = 0;
			knownRegions = (
				en,
				Base,
			);
			mainGroup = 83D8406E24D3402A00F336E3;
			productRefGroup = 83D8407824D3402A00F336E3 /* Products */;
			projectDirPath = "";
			projectRoot = "";
			targets = (
				83D8407624D3402A00F336E3 /* Logging */,
				83D8408E24D3402D00F336E3 /* LoggingTests */,
				83D8409924D3402D00F336E3 /* LoggingUITests */,
			);
		};
/* End PBXProject section */

/* Begin PBXResourcesBuildPhase section */
		83D8407524D3402A00F336E3 /* Resources */ = {
			isa = PBXResourcesBuildPhase;
			buildActionMask = 2147483647;
			files = (
				13F08EA125221F7D00CDAEE4 /* header.png in Resources */,
				13F08EAE252222A800CDAEE4 /* separator line.jpg in Resources */,
				83D8408924D3402D00F336E3 /* LaunchScreen.storyboard in Resources */,
				131239A82518F98100F3B636 /* afto781.jpg in Resources */,
				131239A32518EFCF00F3B636 /* afto781.pdf in Resources */,
				83D8408624D3402D00F336E3 /* Assets.xcassets in Resources */,
				83D8408424D3402A00F336E3 /* Main.storyboard in Resources */,
			);
			runOnlyForDeploymentPostprocessing = 0;
		};
		83D8408D24D3402D00F336E3 /* Resources */ = {
			isa = PBXResourcesBuildPhase;
			buildActionMask = 2147483647;
			files = (
			);
			runOnlyForDeploymentPostprocessing = 0;
		};
		83D8409824D3402D00F336E3 /* Resources */ = {
			isa = PBXResourcesBuildPhase;
			buildActionMask = 2147483647;
			files = (
			);
			runOnlyForDeploymentPostprocessing = 0;
		};
/* End PBXResourcesBuildPhase section */

/* Begin PBXShellScriptBuildPhase section */
		3BABCE22232CA017CE915EAA /* [CP] Check Pods Manifest.lock */ = {
			isa = PBXShellScriptBuildPhase;
			buildActionMask = 2147483647;
			files = (
			);
			inputFileListPaths = (
			);
			inputPaths = (
				"${PODS_PODFILE_DIR_PATH}/Podfile.lock",
				"${PODS_ROOT}/Manifest.lock",
			);
			name = "[CP] Check Pods Manifest.lock";
			outputFileListPaths = (
			);
			outputPaths = (
				"$(DERIVED_FILE_DIR)/Pods-Logging-checkManifestLockResult.txt",
			);
			runOnlyForDeploymentPostprocessing = 0;
			shellPath = /bin/sh;
			shellScript = "diff \"${PODS_PODFILE_DIR_PATH}/Podfile.lock\" \"${PODS_ROOT}/Manifest.lock\" > /dev/null\nif [ $? != 0 ] ; then\n    # print error to STDERR\n    echo \"error: The sandbox is not in sync with the Podfile.lock. Run 'pod install' or update your CocoaPods installation.\" >&2\n    exit 1\nfi\n# This output is used by Xcode 'outputs' to avoid re-running this script phase.\necho \"SUCCESS\" > \"${SCRIPT_OUTPUT_FILE_0}\"\n";
			showEnvVarsInLog = 0;
		};
		9A829FA5411071F127CC84C5 /* [CP] Check Pods Manifest.lock */ = {
			isa = PBXShellScriptBuildPhase;
			buildActionMask = 2147483647;
			files = (
			);
			inputFileListPaths = (
			);
			inputPaths = (
				"${PODS_PODFILE_DIR_PATH}/Podfile.lock",
				"${PODS_ROOT}/Manifest.lock",
			);
			name = "[CP] Check Pods Manifest.lock";
			outputFileListPaths = (
			);
			outputPaths = (
				"$(DERIVED_FILE_DIR)/Pods-Logging-LoggingUITests-checkManifestLockResult.txt",
			);
			runOnlyForDeploymentPostprocessing = 0;
			shellPath = /bin/sh;
			shellScript = "diff \"${PODS_PODFILE_DIR_PATH}/Podfile.lock\" \"${PODS_ROOT}/Manifest.lock\" > /dev/null\nif [ $? != 0 ] ; then\n    # print error to STDERR\n    echo \"error: The sandbox is not in sync with the Podfile.lock. Run 'pod install' or update your CocoaPods installation.\" >&2\n    exit 1\nfi\n# This output is used by Xcode 'outputs' to avoid re-running this script phase.\necho \"SUCCESS\" > \"${SCRIPT_OUTPUT_FILE_0}\"\n";
			showEnvVarsInLog = 0;
		};
		B32C922129813CD709B6879E /* [CP] Check Pods Manifest.lock */ = {
			isa = PBXShellScriptBuildPhase;
			buildActionMask = 2147483647;
			files = (
			);
			inputFileListPaths = (
			);
			inputPaths = (
				"${PODS_PODFILE_DIR_PATH}/Podfile.lock",
				"${PODS_ROOT}/Manifest.lock",
			);
			name = "[CP] Check Pods Manifest.lock";
			outputFileListPaths = (
			);
			outputPaths = (
				"$(DERIVED_FILE_DIR)/Pods-LoggingTests-checkManifestLockResult.txt",
			);
			runOnlyForDeploymentPostprocessing = 0;
			shellPath = /bin/sh;
			shellScript = "diff \"${PODS_PODFILE_DIR_PATH}/Podfile.lock\" \"${PODS_ROOT}/Manifest.lock\" > /dev/null\nif [ $? != 0 ] ; then\n    # print error to STDERR\n    echo \"error: The sandbox is not in sync with the Podfile.lock. Run 'pod install' or update your CocoaPods installation.\" >&2\n    exit 1\nfi\n# This output is used by Xcode 'outputs' to avoid re-running this script phase.\necho \"SUCCESS\" > \"${SCRIPT_OUTPUT_FILE_0}\"\n";
			showEnvVarsInLog = 0;
		};
/* End PBXShellScriptBuildPhase section */

/* Begin PBXSourcesBuildPhase section */
		83D8407324D3402A00F336E3 /* Sources */ = {
			isa = PBXSourcesBuildPhase;
			buildActionMask = 2147483647;
			files = (
				13A9901E252CDE02008D7374 /* Writable.swift in Sources */,
				83D8408124D3402A00F336E3 /* SecondViewController.swift in Sources */,
				136F3A21251D0D3900E72AAE /* PageViewController.swift in Sources */,
				83D8407F24D3402A00F336E3 /* FirstViewController.swift in Sources */,
				83D8407B24D3402A00F336E3 /* AppDelegate.swift in Sources */,
				83D8407D24D3402A00F336E3 /* SceneDelegate.swift in Sources */,
				13A990142527C4F2008D7374 /* FirstVCViewModel.swift in Sources */,
				13A9900F252788C9008D7374 /* FlightDataModel.swift in Sources */,
			);
			runOnlyForDeploymentPostprocessing = 0;
		};
		83D8408B24D3402D00F336E3 /* Sources */ = {
			isa = PBXSourcesBuildPhase;
			buildActionMask = 2147483647;
			files = (
				83D8409424D3402D00F336E3 /* LoggingTests.swift in Sources */,
			);
			runOnlyForDeploymentPostprocessing = 0;
		};
		83D8409624D3402D00F336E3 /* Sources */ = {
			isa = PBXSourcesBuildPhase;
			buildActionMask = 2147483647;
			files = (
				83D8409F24D3402D00F336E3 /* LoggingUITests.swift in Sources */,
			);
			runOnlyForDeploymentPostprocessing = 0;
		};
/* End PBXSourcesBuildPhase section */

/* Begin PBXTargetDependency section */
		83D8409124D3402D00F336E3 /* PBXTargetDependency */ = {
			isa = PBXTargetDependency;
			target = 83D8407624D3402A00F336E3 /* Logging */;
			targetProxy = 83D8409024D3402D00F336E3 /* PBXContainerItemProxy */;
		};
		83D8409C24D3402D00F336E3 /* PBXTargetDependency */ = {
			isa = PBXTargetDependency;
			target = 83D8407624D3402A00F336E3 /* Logging */;
			targetProxy = 83D8409B24D3402D00F336E3 /* PBXContainerItemProxy */;
		};
/* End PBXTargetDependency section */

/* Begin PBXVariantGroup section */
		83D8408224D3402A00F336E3 /* Main.storyboard */ = {
			isa = PBXVariantGroup;
			children = (
				83D8408324D3402A00F336E3 /* Base */,
			);
			name = Main.storyboard;
			sourceTree = "<group>";
		};
		83D8408724D3402D00F336E3 /* LaunchScreen.storyboard */ = {
			isa = PBXVariantGroup;
			children = (
				83D8408824D3402D00F336E3 /* Base */,
			);
			name = LaunchScreen.storyboard;
			sourceTree = "<group>";
		};
/* End PBXVariantGroup section */

/* Begin XCBuildConfiguration section */
		83D840A124D3402D00F336E3 /* Debug */ = {
			isa = XCBuildConfiguration;
			buildSettings = {
				ALWAYS_SEARCH_USER_PATHS = NO;
				CLANG_ANALYZER_NONNULL = YES;
				CLANG_ANALYZER_NUMBER_OBJECT_CONVERSION = YES_AGGRESSIVE;
				CLANG_CXX_LANGUAGE_STANDARD = "gnu++14";
				CLANG_CXX_LIBRARY = "libc++";
				CLANG_ENABLE_MODULES = YES;
				CLANG_ENABLE_OBJC_ARC = YES;
				CLANG_ENABLE_OBJC_WEAK = YES;
				CLANG_WARN_BLOCK_CAPTURE_AUTORELEASING = YES;
				CLANG_WARN_BOOL_CONVERSION = YES;
				CLANG_WARN_COMMA = YES;
				CLANG_WARN_CONSTANT_CONVERSION = YES;
				CLANG_WARN_DEPRECATED_OBJC_IMPLEMENTATIONS = YES;
				CLANG_WARN_DIRECT_OBJC_ISA_USAGE = YES_ERROR;
				CLANG_WARN_DOCUMENTATION_COMMENTS = YES;
				CLANG_WARN_EMPTY_BODY = YES;
				CLANG_WARN_ENUM_CONVERSION = YES;
				CLANG_WARN_INFINITE_RECURSION = YES;
				CLANG_WARN_INT_CONVERSION = YES;
				CLANG_WARN_NON_LITERAL_NULL_CONVERSION = YES;
				CLANG_WARN_OBJC_IMPLICIT_RETAIN_SELF = YES;
				CLANG_WARN_OBJC_LITERAL_CONVERSION = YES;
				CLANG_WARN_OBJC_ROOT_CLASS = YES_ERROR;
				CLANG_WARN_QUOTED_INCLUDE_IN_FRAMEWORK_HEADER = YES;
				CLANG_WARN_RANGE_LOOP_ANALYSIS = YES;
				CLANG_WARN_STRICT_PROTOTYPES = YES;
				CLANG_WARN_SUSPICIOUS_MOVE = YES;
				CLANG_WARN_UNGUARDED_AVAILABILITY = YES_AGGRESSIVE;
				CLANG_WARN_UNREACHABLE_CODE = YES;
				CLANG_WARN__DUPLICATE_METHOD_MATCH = YES;
				COPY_PHASE_STRIP = NO;
				DEBUG_INFORMATION_FORMAT = dwarf;
				ENABLE_STRICT_OBJC_MSGSEND = YES;
				ENABLE_TESTABILITY = YES;
				GCC_C_LANGUAGE_STANDARD = gnu11;
				GCC_DYNAMIC_NO_PIC = NO;
				GCC_NO_COMMON_BLOCKS = YES;
				GCC_OPTIMIZATION_LEVEL = 0;
				GCC_PREPROCESSOR_DEFINITIONS = (
					"DEBUG=1",
					"$(inherited)",
				);
				GCC_WARN_64_TO_32_BIT_CONVERSION = YES;
				GCC_WARN_ABOUT_RETURN_TYPE = YES_ERROR;
				GCC_WARN_UNDECLARED_SELECTOR = YES;
				GCC_WARN_UNINITIALIZED_AUTOS = YES_AGGRESSIVE;
				GCC_WARN_UNUSED_FUNCTION = YES;
				GCC_WARN_UNUSED_VARIABLE = YES;
				IPHONEOS_DEPLOYMENT_TARGET = 13.6;
				MTL_ENABLE_DEBUG_INFO = INCLUDE_SOURCE;
				MTL_FAST_MATH = YES;
				ONLY_ACTIVE_ARCH = YES;
				SDKROOT = iphoneos;
				SWIFT_ACTIVE_COMPILATION_CONDITIONS = DEBUG;
				SWIFT_OPTIMIZATION_LEVEL = "-Onone";
			};
			name = Debug;
		};
		83D840A224D3402D00F336E3 /* Release */ = {
			isa = XCBuildConfiguration;
			buildSettings = {
				ALWAYS_SEARCH_USER_PATHS = NO;
				CLANG_ANALYZER_NONNULL = YES;
				CLANG_ANALYZER_NUMBER_OBJECT_CONVERSION = YES_AGGRESSIVE;
				CLANG_CXX_LANGUAGE_STANDARD = "gnu++14";
				CLANG_CXX_LIBRARY = "libc++";
				CLANG_ENABLE_MODULES = YES;
				CLANG_ENABLE_OBJC_ARC = YES;
				CLANG_ENABLE_OBJC_WEAK = YES;
				CLANG_WARN_BLOCK_CAPTURE_AUTORELEASING = YES;
				CLANG_WARN_BOOL_CONVERSION = YES;
				CLANG_WARN_COMMA = YES;
				CLANG_WARN_CONSTANT_CONVERSION = YES;
				CLANG_WARN_DEPRECATED_OBJC_IMPLEMENTATIONS = YES;
				CLANG_WARN_DIRECT_OBJC_ISA_USAGE = YES_ERROR;
				CLANG_WARN_DOCUMENTATION_COMMENTS = YES;
				CLANG_WARN_EMPTY_BODY = YES;
				CLANG_WARN_ENUM_CONVERSION = YES;
				CLANG_WARN_INFINITE_RECURSION = YES;
				CLANG_WARN_INT_CONVERSION = YES;
				CLANG_WARN_NON_LITERAL_NULL_CONVERSION = YES;
				CLANG_WARN_OBJC_IMPLICIT_RETAIN_SELF = YES;
				CLANG_WARN_OBJC_LITERAL_CONVERSION = YES;
				CLANG_WARN_OBJC_ROOT_CLASS = YES_ERROR;
				CLANG_WARN_QUOTED_INCLUDE_IN_FRAMEWORK_HEADER = YES;
				CLANG_WARN_RANGE_LOOP_ANALYSIS = YES;
				CLANG_WARN_STRICT_PROTOTYPES = YES;
				CLANG_WARN_SUSPICIOUS_MOVE = YES;
				CLANG_WARN_UNGUARDED_AVAILABILITY = YES_AGGRESSIVE;
				CLANG_WARN_UNREACHABLE_CODE = YES;
				CLANG_WARN__DUPLICATE_METHOD_MATCH = YES;
				COPY_PHASE_STRIP = NO;
				DEBUG_INFORMATION_FORMAT = "dwarf-with-dsym";
				ENABLE_NS_ASSERTIONS = NO;
				ENABLE_STRICT_OBJC_MSGSEND = YES;
				GCC_C_LANGUAGE_STANDARD = gnu11;
				GCC_NO_COMMON_BLOCKS = YES;
				GCC_WARN_64_TO_32_BIT_CONVERSION = YES;
				GCC_WARN_ABOUT_RETURN_TYPE = YES_ERROR;
				GCC_WARN_UNDECLARED_SELECTOR = YES;
				GCC_WARN_UNINITIALIZED_AUTOS = YES_AGGRESSIVE;
				GCC_WARN_UNUSED_FUNCTION = YES;
				GCC_WARN_UNUSED_VARIABLE = YES;
				IPHONEOS_DEPLOYMENT_TARGET = 13.6;
				MTL_ENABLE_DEBUG_INFO = NO;
				MTL_FAST_MATH = YES;
				SDKROOT = iphoneos;
				SWIFT_COMPILATION_MODE = wholemodule;
				SWIFT_OPTIMIZATION_LEVEL = "-O";
				VALIDATE_PRODUCT = YES;
			};
			name = Release;
		};
		83D840A424D3402D00F336E3 /* Debug */ = {
			isa = XCBuildConfiguration;
			baseConfigurationReference = 13965D85DFCED656F8ABF8B0 /* Pods-Logging.debug.xcconfig */;
			buildSettings = {
				ASSETCATALOG_COMPILER_APPICON_NAME = AppIcon;
				CODE_SIGN_STYLE = Automatic;
				DEVELOPMENT_TEAM = RQ9T47YT3S;
				INFOPLIST_FILE = Logging/Resources/Info.plist;
				LD_RUNPATH_SEARCH_PATHS = (
					"$(inherited)",
					"@executable_path/Frameworks",
				);
				MARKETING_VERSION = 0.1;
				PRODUCT_BUNDLE_IDENTIFIER = mil.airmencoders.logging;
				PRODUCT_NAME = "$(TARGET_NAME)";
				SWIFT_VERSION = 5.0;
				TARGETED_DEVICE_FAMILY = "1,2";
			};
			name = Debug;
		};
		83D840A524D3402D00F336E3 /* Release */ = {
			isa = XCBuildConfiguration;
			baseConfigurationReference = 261E04EA491F9077DD955A76 /* Pods-Logging.release.xcconfig */;
			buildSettings = {
				ASSETCATALOG_COMPILER_APPICON_NAME = AppIcon;
				CODE_SIGN_STYLE = Automatic;
				DEVELOPMENT_TEAM = RQ9T47YT3S;
				INFOPLIST_FILE = Logging/Resources/Info.plist;
				LD_RUNPATH_SEARCH_PATHS = (
					"$(inherited)",
					"@executable_path/Frameworks",
				);
				MARKETING_VERSION = 0.1;
				PRODUCT_BUNDLE_IDENTIFIER = mil.airmencoders.logging;
				PRODUCT_NAME = "$(TARGET_NAME)";
				SWIFT_VERSION = 5.0;
				TARGETED_DEVICE_FAMILY = "1,2";
			};
			name = Release;
		};
		83D840A724D3402D00F336E3 /* Debug */ = {
			isa = XCBuildConfiguration;
			baseConfigurationReference = 6FEF2540CD77AC4D9725058A /* Pods-LoggingTests.debug.xcconfig */;
			buildSettings = {
				ALWAYS_EMBED_SWIFT_STANDARD_LIBRARIES = YES;
				BUNDLE_LOADER = "$(TEST_HOST)";
				CODE_SIGN_STYLE = Automatic;
				DEVELOPMENT_TEAM = RQ9T47YT3S;
				INFOPLIST_FILE = LoggingTests/Info.plist;
				IPHONEOS_DEPLOYMENT_TARGET = 13.6;
				LD_RUNPATH_SEARCH_PATHS = (
					"$(inherited)",
					"@executable_path/Frameworks",
					"@loader_path/Frameworks",
				);
				PRODUCT_BUNDLE_IDENTIFIER = mil.airmencoders.LoggingTests;
				PRODUCT_NAME = "$(TARGET_NAME)";
				SWIFT_VERSION = 5.0;
				TARGETED_DEVICE_FAMILY = "1,2";
				TEST_HOST = "$(BUILT_PRODUCTS_DIR)/Logging.app/Logging";
			};
			name = Debug;
		};
		83D840A824D3402D00F336E3 /* Release */ = {
			isa = XCBuildConfiguration;
			baseConfigurationReference = ED9788E1C9AF89B0FDD4ABF4 /* Pods-LoggingTests.release.xcconfig */;
			buildSettings = {
				ALWAYS_EMBED_SWIFT_STANDARD_LIBRARIES = YES;
				BUNDLE_LOADER = "$(TEST_HOST)";
				CODE_SIGN_STYLE = Automatic;
				DEVELOPMENT_TEAM = RQ9T47YT3S;
				INFOPLIST_FILE = LoggingTests/Info.plist;
				IPHONEOS_DEPLOYMENT_TARGET = 13.6;
				LD_RUNPATH_SEARCH_PATHS = (
					"$(inherited)",
					"@executable_path/Frameworks",
					"@loader_path/Frameworks",
				);
				PRODUCT_BUNDLE_IDENTIFIER = mil.airmencoders.LoggingTests;
				PRODUCT_NAME = "$(TARGET_NAME)";
				SWIFT_VERSION = 5.0;
				TARGETED_DEVICE_FAMILY = "1,2";
				TEST_HOST = "$(BUILT_PRODUCTS_DIR)/Logging.app/Logging";
			};
			name = Release;
		};
		83D840AA24D3402D00F336E3 /* Debug */ = {
			isa = XCBuildConfiguration;
			baseConfigurationReference = 429BDF4BA793A82002D5F5B1 /* Pods-Logging-LoggingUITests.debug.xcconfig */;
			buildSettings = {
				ALWAYS_EMBED_SWIFT_STANDARD_LIBRARIES = YES;
				CODE_SIGN_STYLE = Automatic;
				DEVELOPMENT_TEAM = RQ9T47YT3S;
				INFOPLIST_FILE = LoggingUITests/Info.plist;
				LD_RUNPATH_SEARCH_PATHS = (
					"$(inherited)",
					"@executable_path/Frameworks",
					"@loader_path/Frameworks",
				);
				PRODUCT_BUNDLE_IDENTIFIER = mil.airmencoders.LoggingUITests;
				PRODUCT_NAME = "$(TARGET_NAME)";
				SWIFT_VERSION = 5.0;
				TARGETED_DEVICE_FAMILY = "1,2";
				TEST_TARGET_NAME = Logging;
			};
			name = Debug;
		};
		83D840AB24D3402D00F336E3 /* Release */ = {
			isa = XCBuildConfiguration;
			baseConfigurationReference = 56785B42F81CEB0155B65640 /* Pods-Logging-LoggingUITests.release.xcconfig */;
			buildSettings = {
				ALWAYS_EMBED_SWIFT_STANDARD_LIBRARIES = YES;
				CODE_SIGN_STYLE = Automatic;
				DEVELOPMENT_TEAM = RQ9T47YT3S;
				INFOPLIST_FILE = LoggingUITests/Info.plist;
				LD_RUNPATH_SEARCH_PATHS = (
					"$(inherited)",
					"@executable_path/Frameworks",
					"@loader_path/Frameworks",
				);
				PRODUCT_BUNDLE_IDENTIFIER = mil.airmencoders.LoggingUITests;
				PRODUCT_NAME = "$(TARGET_NAME)";
				SWIFT_VERSION = 5.0;
				TARGETED_DEVICE_FAMILY = "1,2";
				TEST_TARGET_NAME = Logging;
			};
			name = Release;
		};
/* End XCBuildConfiguration section */

/* Begin XCConfigurationList section */
		83D8407224D3402A00F336E3 /* Build configuration list for PBXProject "Logging" */ = {
			isa = XCConfigurationList;
			buildConfigurations = (
				83D840A124D3402D00F336E3 /* Debug */,
				83D840A224D3402D00F336E3 /* Release */,
			);
			defaultConfigurationIsVisible = 0;
			defaultConfigurationName = Release;
		};
		83D840A324D3402D00F336E3 /* Build configuration list for PBXNativeTarget "Logging" */ = {
			isa = XCConfigurationList;
			buildConfigurations = (
				83D840A424D3402D00F336E3 /* Debug */,
				83D840A524D3402D00F336E3 /* Release */,
			);
			defaultConfigurationIsVisible = 0;
			defaultConfigurationName = Release;
		};
		83D840A624D3402D00F336E3 /* Build configuration list for PBXNativeTarget "LoggingTests" */ = {
			isa = XCConfigurationList;
			buildConfigurations = (
				83D840A724D3402D00F336E3 /* Debug */,
				83D840A824D3402D00F336E3 /* Release */,
			);
			defaultConfigurationIsVisible = 0;
			defaultConfigurationName = Release;
		};
		83D840A924D3402D00F336E3 /* Build configuration list for PBXNativeTarget "LoggingUITests" */ = {
			isa = XCConfigurationList;
			buildConfigurations = (
				83D840AA24D3402D00F336E3 /* Debug */,
				83D840AB24D3402D00F336E3 /* Release */,
			);
			defaultConfigurationIsVisible = 0;
			defaultConfigurationName = Release;
		};
/* End XCConfigurationList section */
	};
	rootObject = 83D8406F24D3402A00F336E3 /* Project object */;
}
